
Microsoft Visual Studio Solution File, Format Version 12.00
# Visual Studio Version 17
VisualStudioVersion = 17.0.32014.148
MinimumVisualStudioVersion = 10.0.40219.1
Project("{8BC9CEB8-8B4A-11D0-8D11-00A0C91BC942}") = "Foundation", "Foundation\Foundation_vs160.vcxproj", "{B01196CC-B693-4548-8464-2FF60499E73F}"
EndProject
Project("{8BC9CEB8-8B4A-11D0-8D11-00A0C91BC942}") = "Net", "Net\Net_vs160.vcxproj", "{B057A1FE-09F7-465E-B8B5-E1B659051D76}"
	ProjectSection(ProjectDependencies) = postProject
		{B01196CC-B693-4548-8464-2FF60499E73F} = {B01196CC-B693-4548-8464-2FF60499E73F}
	EndProjectSection
EndProject
Project("{8BC9CEB8-8B4A-11D0-8D11-00A0C91BC942}") = "Util", "Util\Util_vs160.vcxproj", "{6FF56CDB-787A-4714-A28C-919003F9FA6C}"
	ProjectSection(ProjectDependencies) = postProject
		{0E7FE914-0690-3EB4-9119-93A97CC97741} = {0E7FE914-0690-3EB4-9119-93A97CC97741}
		{9E211743-85FE-4977-82F3-4F04B40C912D} = {9E211743-85FE-4977-82F3-4F04B40C912D}
		{B01196CC-B693-4548-8464-2FF60499E73F} = {B01196CC-B693-4548-8464-2FF60499E73F}
	EndProjectSection
EndProject
Project("{8BC9CEB8-8B4A-11D0-8D11-00A0C91BC942}") = "JSON", "JSON\JSON_vs160.vcxproj", "{0E7FE914-0690-3EB4-9119-93A97CC97741}"
	ProjectSection(ProjectDependencies) = postProject
		{B01196CC-B693-4548-8464-2FF60499E73F} = {B01196CC-B693-4548-8464-2FF60499E73F}
	EndProjectSection
EndProject
Project("{8BC9CEB8-8B4A-11D0-8D11-00A0C91BC942}") = "XML", "XML\XML_vs160.vcxproj", "{9E211743-85FE-4977-82F3-4F04B40C912D}"
	ProjectSection(ProjectDependencies) = postProject
		{B01196CC-B693-4548-8464-2FF60499E73F} = {B01196CC-B693-4548-8464-2FF60499E73F}
	EndProjectSection
EndProject
Project("{8BC9CEB8-8B4A-11D0-8D11-00A0C91BC942}") = "Data", "Data\Data_vs160.vcxproj", "{240E83C3-368D-11DB-9FBC-00123FC423B5}"
	ProjectSection(ProjectDependencies) = postProject
		{B01196CC-B693-4548-8464-2FF60499E73F} = {B01196CC-B693-4548-8464-2FF60499E73F}
	EndProjectSection
EndProject
Project("{8BC9CEB8-8B4A-11D0-8D11-00A0C91BC942}") = "Encodings", "Encodings\Encodings_vs160.vcxproj", "{D7AAB91A-9AB8-457D-A329-02D1FA47CB7E}"
	ProjectSection(ProjectDependencies) = postProject
		{B01196CC-B693-4548-8464-2FF60499E73F} = {B01196CC-B693-4548-8464-2FF60499E73F}
	EndProjectSection
EndProject
Project("{8BC9CEB8-8B4A-11D0-8D11-00A0C91BC942}") = "PocoDoc", "PocoDoc\PocoDoc_vs160.vcxproj", "{18BCF3CC-9474-4D1C-9445-F783A49D886B}"
	ProjectSection(ProjectDependencies) = postProject
		{6FF56CDB-787A-4714-A28C-919003F9FA6C} = {6FF56CDB-787A-4714-A28C-919003F9FA6C}
		{B01196CC-B693-4548-8464-2FF60499E73F} = {B01196CC-B693-4548-8464-2FF60499E73F}
		{C77B9D92-EC91-11DA-A4CE-005056C00008} = {C77B9D92-EC91-11DA-A4CE-005056C00008}
	EndProjectSection
EndProject
Project("{8BC9CEB8-8B4A-11D0-8D11-00A0C91BC942}") = "Crypto", "Crypto\Crypto_vs160.vcxproj", "{EEEE7259-32E9-4D56-B023-C733940AB2A0}"
	ProjectSection(ProjectDependencies) = postProject
		{B01196CC-B693-4548-8464-2FF60499E73F} = {B01196CC-B693-4548-8464-2FF60499E73F}
	EndProjectSection
EndProject
Project("{8BC9CEB8-8B4A-11D0-8D11-00A0C91BC942}") = "Zip", "Zip\Zip_vs160.vcxproj", "{4AC75EAD-BFCF-41E6-AB1F-0DA203CC7C61}"
	ProjectSection(ProjectDependencies) = postProject
		{B01196CC-B693-4548-8464-2FF60499E73F} = {B01196CC-B693-4548-8464-2FF60499E73F}
	EndProjectSection
EndProject
Project("{8BC9CEB8-8B4A-11D0-8D11-00A0C91BC942}") = "JWT", "JWT\JWT_vs160.vcxproj", "{EFE871AE-A00F-4EB5-B816-FA316EAB9DA7}"
	ProjectSection(ProjectDependencies) = postProject
		{0E7FE914-0690-3EB4-9119-93A97CC97741} = {0E7FE914-0690-3EB4-9119-93A97CC97741}
		{B01196CC-B693-4548-8464-2FF60499E73F} = {B01196CC-B693-4548-8464-2FF60499E73F}
		{EEEE7259-32E9-4D56-B023-C733940AB2A0} = {EEEE7259-32E9-4D56-B023-C733940AB2A0}
	EndProjectSection
EndProject
Project("{8BC9CEB8-8B4A-11D0-8D11-00A0C91BC942}") = "NetSSL_Win", "NetSSL_Win\NetSSL_Win_vs160.vcxproj", "{A097DC74-A5FC-4A0B-804E-B18892426E77}"
	ProjectSection(ProjectDependencies) = postProject
		{B01196CC-B693-4548-8464-2FF60499E73F} = {B01196CC-B693-4548-8464-2FF60499E73F}
		{B057A1FE-09F7-465E-B8B5-E1B659051D76} = {B057A1FE-09F7-465E-B8B5-E1B659051D76}
	EndProjectSection
EndProject
Project("{8BC9CEB8-8B4A-11D0-8D11-00A0C91BC942}") = "SevenZip", "SevenZip\SevenZip_vs160.vcxproj", "{BBDBC9A3-15CD-495B-9B16-D03CFBFB8D2D}"
	ProjectSection(ProjectDependencies) = postProject
		{6FF56CDB-787A-4714-A28C-919003F9FA6C} = {6FF56CDB-787A-4714-A28C-919003F9FA6C}
		{B01196CC-B693-4548-8464-2FF60499E73F} = {B01196CC-B693-4548-8464-2FF60499E73F}
	EndProjectSection
EndProject
Project("{8BC9CEB8-8B4A-11D0-8D11-00A0C91BC942}") = "MySQL", "Data\MySQL\MySQL_vs160.vcxproj", "{73E19FDE-1570-488C-B3DB-72A60FADD408}"
	ProjectSection(ProjectDependencies) = postProject
		{240E83C3-368D-11DB-9FBC-00123FC423B5} = {240E83C3-368D-11DB-9FBC-00123FC423B5}
		{B01196CC-B693-4548-8464-2FF60499E73F} = {B01196CC-B693-4548-8464-2FF60499E73F}
	EndProjectSection
EndProject
Project("{8BC9CEB8-8B4A-11D0-8D11-00A0C91BC942}") = "PostgreSQL", "Data\PostgreSQL\PostgreSQL_vs160.vcxproj", "{BAFE8427-9DD3-41FC-9E93-8E699BCD6E21}"
	ProjectSection(ProjectDependencies) = postProject
		{240E83C3-368D-11DB-9FBC-00123FC423B5} = {240E83C3-368D-11DB-9FBC-00123FC423B5}
		{B01196CC-B693-4548-8464-2FF60499E73F} = {B01196CC-B693-4548-8464-2FF60499E73F}
	EndProjectSection
EndProject
Project("{8BC9CEB8-8B4A-11D0-8D11-00A0C91BC942}") = "ODBC", "Data\ODBC\ODBC_vs160.vcxproj", "{1B29820D-375F-11DB-837B-00123FC423B5}"
	ProjectSection(ProjectDependencies) = postProject
		{240E83C3-368D-11DB-9FBC-00123FC423B5} = {240E83C3-368D-11DB-9FBC-00123FC423B5}
		{B01196CC-B693-4548-8464-2FF60499E73F} = {B01196CC-B693-4548-8464-2FF60499E73F}
	EndProjectSection
EndProject
Project("{8BC9CEB8-8B4A-11D0-8D11-00A0C91BC942}") = "SQLite", "Data\SQLite\SQLite_vs160.vcxproj", "{5B889CE7-AD42-4CFE-BBC3-532B61F8329E}"
	ProjectSection(ProjectDependencies) = postProject
		{240E83C3-368D-11DB-9FBC-00123FC423B5} = {240E83C3-368D-11DB-9FBC-00123FC423B5}
		{B01196CC-B693-4548-8464-2FF60499E73F} = {B01196CC-B693-4548-8464-2FF60499E73F}
	EndProjectSection
EndProject
Project("{2150E333-8FDC-42A3-9474-1A3956D46DE8}") = "DataSQL", "DataSQL", "{AFCC15CC-EF7C-4B02-8A99-CA8DFEE870D3}"
EndProject
Project("{8BC9CEB8-8B4A-11D0-8D11-00A0C91BC942}") = "CppParser", "CppParser\CppParser_vs160.vcxproj", "{C77B9D92-EC91-11DA-A4CE-005056C00008}"
	ProjectSection(ProjectDependencies) = postProject
		{B01196CC-B693-4548-8464-2FF60499E73F} = {B01196CC-B693-4548-8464-2FF60499E73F}
	EndProjectSection
EndProject
Project("{8BC9CEB8-8B4A-11D0-8D11-00A0C91BC942}") = "CppUnit", "CppUnit\CppUnit_vs160.vcxproj", "{138BB448-808A-4FE5-A66D-78D1F8770F59}"
EndProject
Project("{8BC9CEB8-8B4A-11D0-8D11-00A0C91BC942}") = "MongoDB", "MongoDB\MongoDB_vs160.vcxproj", "{4FF2F34B-7F37-3ACD-AFBC-F21D6D426199}"
	ProjectSection(ProjectDependencies) = postProject
		{B01196CC-B693-4548-8464-2FF60499E73F} = {B01196CC-B693-4548-8464-2FF60499E73F}
		{B057A1FE-09F7-465E-B8B5-E1B659051D76} = {B057A1FE-09F7-465E-B8B5-E1B659051D76}
	EndProjectSection
EndProject
Project("{8BC9CEB8-8B4A-11D0-8D11-00A0C91BC942}") = "NetSSL_OpenSSL", "NetSSL_OpenSSL\NetSSL_OpenSSL_vs160.vcxproj", "{5AECC55E-A469-11DA-8DA6-005056C00008}"
	ProjectSection(ProjectDependencies) = postProject
		{6FF56CDB-787A-4714-A28C-919003F9FA6C} = {6FF56CDB-787A-4714-A28C-919003F9FA6C}
		{B01196CC-B693-4548-8464-2FF60499E73F} = {B01196CC-B693-4548-8464-2FF60499E73F}
		{B057A1FE-09F7-465E-B8B5-E1B659051D76} = {B057A1FE-09F7-465E-B8B5-E1B659051D76}
		{EEEE7259-32E9-4D56-B023-C733940AB2A0} = {EEEE7259-32E9-4D56-B023-C733940AB2A0}
	EndProjectSection
EndProject
Project("{8BC9CEB8-8B4A-11D0-8D11-00A0C91BC942}") = "PageCompiler", "PageCompiler\PageCompiler_vs160.vcxproj", "{E12E5C71-79A4-495A-848F-F1710111E610}"
	ProjectSection(ProjectDependencies) = postProject
		{6FF56CDB-787A-4714-A28C-919003F9FA6C} = {6FF56CDB-787A-4714-A28C-919003F9FA6C}
		{B01196CC-B693-4548-8464-2FF60499E73F} = {B01196CC-B693-4548-8464-2FF60499E73F}
		{B057A1FE-09F7-465E-B8B5-E1B659051D76} = {B057A1FE-09F7-465E-B8B5-E1B659051D76}
	EndProjectSection
EndProject
Project("{8BC9CEB8-8B4A-11D0-8D11-00A0C91BC942}") = "ActiveRecord", "ActiveRecord\ActiveRecord_vs160.vcxproj", "{CCC0A578-E065-4CBA-BB8D-F02BB2C24E7E}"
	ProjectSection(ProjectDependencies) = postProject
		{240E83C3-368D-11DB-9FBC-00123FC423B5} = {240E83C3-368D-11DB-9FBC-00123FC423B5}
		{B01196CC-B693-4548-8464-2FF60499E73F} = {B01196CC-B693-4548-8464-2FF60499E73F}
	EndProjectSection
EndProject
Project("{8BC9CEB8-8B4A-11D0-8D11-00A0C91BC942}") = "PDF", "PDF\PDF_vs160.vcxproj", "{C7252690-8435-4310-8EA2-228AE484537D}"
	ProjectSection(ProjectDependencies) = postProject
		{0E7FE914-0690-3EB4-9119-93A97CC97741} = {0E7FE914-0690-3EB4-9119-93A97CC97741}
		{6FF56CDB-787A-4714-A28C-919003F9FA6C} = {6FF56CDB-787A-4714-A28C-919003F9FA6C}
		{B01196CC-B693-4548-8464-2FF60499E73F} = {B01196CC-B693-4548-8464-2FF60499E73F}
	EndProjectSection
EndProject
Project("{8BC9CEB8-8B4A-11D0-8D11-00A0C91BC942}") = "ProGen", "ProGen\ProGen_vs160.vcxproj", "{48D690D9-6520-4F30-A298-3132548716D0}"
	ProjectSection(ProjectDependencies) = postProject
		{6FF56CDB-787A-4714-A28C-919003F9FA6C} = {6FF56CDB-787A-4714-A28C-919003F9FA6C}
		{B01196CC-B693-4548-8464-2FF60499E73F} = {B01196CC-B693-4548-8464-2FF60499E73F}
	EndProjectSection
EndProject
Project("{8BC9CEB8-8B4A-11D0-8D11-00A0C91BC942}") = "Prometheus", "Prometheus\Prometheus_vs160.vcxproj", "{FAB67DE6-17E1-40F5-8FAC-A77A87DA034C}"
	ProjectSection(ProjectDependencies) = postProject
		{B01196CC-B693-4548-8464-2FF60499E73F} = {B01196CC-B693-4548-8464-2FF60499E73F}
		{B057A1FE-09F7-465E-B8B5-E1B659051D76} = {B057A1FE-09F7-465E-B8B5-E1B659051D76}
	EndProjectSection
EndProject
Project("{8BC9CEB8-8B4A-11D0-8D11-00A0C91BC942}") = "Redis", "Redis\Redis_vs160.vcxproj", "{12E39EE2-7049-312D-B390-7568D727CA25}"
	ProjectSection(ProjectDependencies) = postProject
		{B01196CC-B693-4548-8464-2FF60499E73F} = {B01196CC-B693-4548-8464-2FF60499E73F}
		{B057A1FE-09F7-465E-B8B5-E1B659051D76} = {B057A1FE-09F7-465E-B8B5-E1B659051D76}
	EndProjectSection
EndProject
Project("{2150E333-8FDC-42A3-9474-1A3956D46DE8}") = "Tools", "Tools", "{9F0AEB9D-F317-4447-831A-4D7CEA75CF70}"
EndProject
Project("{8BC9CEB8-8B4A-11D0-8D11-00A0C91BC942}") = "DNSSD", "DNSSD\DNSSD_vs160.vcxproj", "{D9257FF3-3A9A-41F6-B60E-D077EFF94186}"
	ProjectSection(ProjectDependencies) = postProject
		{B057A1FE-09F7-465E-B8B5-E1B659051D76} = {B057A1FE-09F7-465E-B8B5-E1B659051D76}
	EndProjectSection
EndProject
Global
	GlobalSection(SolutionConfigurationPlatforms) = preSolution
		debug_shared|x64 = debug_shared|x64
		debug_shared|x86 = debug_shared|x86
		debug_static_md|x64 = debug_static_md|x64
		debug_static_md|x86 = debug_static_md|x86
		debug_static_mt|x64 = debug_static_mt|x64
		debug_static_mt|x86 = debug_static_mt|x86
		release_shared|x64 = release_shared|x64
		release_shared|x86 = release_shared|x86
		release_static_md|x64 = release_static_md|x64
		release_static_md|x86 = release_static_md|x86
		release_static_mt|x64 = release_static_mt|x64
		release_static_mt|x86 = release_static_mt|x86
	EndGlobalSection
	GlobalSection(ProjectConfigurationPlatforms) = postSolution
		{B01196CC-B693-4548-8464-2FF60499E73F}.debug_shared|x64.ActiveCfg = debug_shared|x64
		{B01196CC-B693-4548-8464-2FF60499E73F}.debug_shared|x64.Build.0 = debug_shared|x64
		{B01196CC-B693-4548-8464-2FF60499E73F}.debug_shared|x86.ActiveCfg = debug_shared|Win32
		{B01196CC-B693-4548-8464-2FF60499E73F}.debug_shared|x86.Build.0 = debug_shared|Win32
		{B01196CC-B693-4548-8464-2FF60499E73F}.debug_static_md|x64.ActiveCfg = debug_static_md|x64
		{B01196CC-B693-4548-8464-2FF60499E73F}.debug_static_md|x64.Build.0 = debug_static_md|x64
		{B01196CC-B693-4548-8464-2FF60499E73F}.debug_static_md|x86.ActiveCfg = debug_static_md|Win32
		{B01196CC-B693-4548-8464-2FF60499E73F}.debug_static_md|x86.Build.0 = debug_static_md|Win32
		{B01196CC-B693-4548-8464-2FF60499E73F}.debug_static_mt|x64.ActiveCfg = debug_static_mt|x64
		{B01196CC-B693-4548-8464-2FF60499E73F}.debug_static_mt|x64.Build.0 = debug_static_mt|x64
		{B01196CC-B693-4548-8464-2FF60499E73F}.debug_static_mt|x86.ActiveCfg = debug_static_mt|Win32
		{B01196CC-B693-4548-8464-2FF60499E73F}.debug_static_mt|x86.Build.0 = debug_static_mt|Win32
		{B01196CC-B693-4548-8464-2FF60499E73F}.release_shared|x64.ActiveCfg = release_shared|x64
		{B01196CC-B693-4548-8464-2FF60499E73F}.release_shared|x64.Build.0 = release_shared|x64
		{B01196CC-B693-4548-8464-2FF60499E73F}.release_shared|x86.ActiveCfg = release_shared|Win32
		{B01196CC-B693-4548-8464-2FF60499E73F}.release_shared|x86.Build.0 = release_shared|Win32
		{B01196CC-B693-4548-8464-2FF60499E73F}.release_static_md|x64.ActiveCfg = release_static_md|x64
		{B01196CC-B693-4548-8464-2FF60499E73F}.release_static_md|x64.Build.0 = release_static_md|x64
		{B01196CC-B693-4548-8464-2FF60499E73F}.release_static_md|x86.ActiveCfg = release_static_md|Win32
		{B01196CC-B693-4548-8464-2FF60499E73F}.release_static_md|x86.Build.0 = release_static_md|Win32
		{B01196CC-B693-4548-8464-2FF60499E73F}.release_static_mt|x64.ActiveCfg = release_static_mt|x64
		{B01196CC-B693-4548-8464-2FF60499E73F}.release_static_mt|x64.Build.0 = release_static_mt|x64
		{B01196CC-B693-4548-8464-2FF60499E73F}.release_static_mt|x86.ActiveCfg = release_static_mt|Win32
		{B01196CC-B693-4548-8464-2FF60499E73F}.release_static_mt|x86.Build.0 = release_static_mt|Win32
		{B057A1FE-09F7-465E-B8B5-E1B659051D76}.debug_shared|x64.ActiveCfg = debug_shared|x64
		{B057A1FE-09F7-465E-B8B5-E1B659051D76}.debug_shared|x64.Build.0 = debug_shared|x64
		{B057A1FE-09F7-465E-B8B5-E1B659051D76}.debug_shared|x86.ActiveCfg = debug_shared|Win32
		{B057A1FE-09F7-465E-B8B5-E1B659051D76}.debug_shared|x86.Build.0 = debug_shared|Win32
		{B057A1FE-09F7-465E-B8B5-E1B659051D76}.debug_static_md|x64.ActiveCfg = debug_static_md|x64
		{B057A1FE-09F7-465E-B8B5-E1B659051D76}.debug_static_md|x64.Build.0 = debug_static_md|x64
		{B057A1FE-09F7-465E-B8B5-E1B659051D76}.debug_static_md|x86.ActiveCfg = debug_static_md|Win32
		{B057A1FE-09F7-465E-B8B5-E1B659051D76}.debug_static_md|x86.Build.0 = debug_static_md|Win32
		{B057A1FE-09F7-465E-B8B5-E1B659051D76}.debug_static_mt|x64.ActiveCfg = debug_static_mt|x64
		{B057A1FE-09F7-465E-B8B5-E1B659051D76}.debug_static_mt|x64.Build.0 = debug_static_mt|x64
		{B057A1FE-09F7-465E-B8B5-E1B659051D76}.debug_static_mt|x86.ActiveCfg = debug_static_mt|Win32
		{B057A1FE-09F7-465E-B8B5-E1B659051D76}.debug_static_mt|x86.Build.0 = debug_static_mt|Win32
		{B057A1FE-09F7-465E-B8B5-E1B659051D76}.release_shared|x64.ActiveCfg = release_shared|x64
		{B057A1FE-09F7-465E-B8B5-E1B659051D76}.release_shared|x64.Build.0 = release_shared|x64
		{B057A1FE-09F7-465E-B8B5-E1B659051D76}.release_shared|x86.ActiveCfg = release_shared|Win32
		{B057A1FE-09F7-465E-B8B5-E1B659051D76}.release_shared|x86.Build.0 = release_shared|Win32
		{B057A1FE-09F7-465E-B8B5-E1B659051D76}.release_static_md|x64.ActiveCfg = release_static_md|x64
		{B057A1FE-09F7-465E-B8B5-E1B659051D76}.release_static_md|x64.Build.0 = release_static_md|x64
		{B057A1FE-09F7-465E-B8B5-E1B659051D76}.release_static_md|x86.ActiveCfg = release_static_md|Win32
		{B057A1FE-09F7-465E-B8B5-E1B659051D76}.release_static_md|x86.Build.0 = release_static_md|Win32
		{B057A1FE-09F7-465E-B8B5-E1B659051D76}.release_static_mt|x64.ActiveCfg = release_static_mt|x64
		{B057A1FE-09F7-465E-B8B5-E1B659051D76}.release_static_mt|x64.Build.0 = release_static_mt|x64
		{B057A1FE-09F7-465E-B8B5-E1B659051D76}.release_static_mt|x86.ActiveCfg = release_static_mt|Win32
		{B057A1FE-09F7-465E-B8B5-E1B659051D76}.release_static_mt|x86.Build.0 = release_static_mt|Win32
		{6FF56CDB-787A-4714-A28C-919003F9FA6C}.debug_shared|x64.ActiveCfg = debug_shared|x64
		{6FF56CDB-787A-4714-A28C-919003F9FA6C}.debug_shared|x64.Build.0 = debug_shared|x64
		{6FF56CDB-787A-4714-A28C-919003F9FA6C}.debug_shared|x86.ActiveCfg = debug_shared|Win32
		{6FF56CDB-787A-4714-A28C-919003F9FA6C}.debug_shared|x86.Build.0 = debug_shared|Win32
		{6FF56CDB-787A-4714-A28C-919003F9FA6C}.debug_static_md|x64.ActiveCfg = debug_static_md|x64
		{6FF56CDB-787A-4714-A28C-919003F9FA6C}.debug_static_md|x64.Build.0 = debug_static_md|x64
		{6FF56CDB-787A-4714-A28C-919003F9FA6C}.debug_static_md|x86.ActiveCfg = debug_static_md|Win32
		{6FF56CDB-787A-4714-A28C-919003F9FA6C}.debug_static_md|x86.Build.0 = debug_static_md|Win32
		{6FF56CDB-787A-4714-A28C-919003F9FA6C}.debug_static_mt|x64.ActiveCfg = debug_static_mt|x64
		{6FF56CDB-787A-4714-A28C-919003F9FA6C}.debug_static_mt|x64.Build.0 = debug_static_mt|x64
		{6FF56CDB-787A-4714-A28C-919003F9FA6C}.debug_static_mt|x86.ActiveCfg = debug_static_mt|Win32
		{6FF56CDB-787A-4714-A28C-919003F9FA6C}.debug_static_mt|x86.Build.0 = debug_static_mt|Win32
		{6FF56CDB-787A-4714-A28C-919003F9FA6C}.release_shared|x64.ActiveCfg = release_shared|x64
		{6FF56CDB-787A-4714-A28C-919003F9FA6C}.release_shared|x64.Build.0 = release_shared|x64
		{6FF56CDB-787A-4714-A28C-919003F9FA6C}.release_shared|x86.ActiveCfg = release_shared|Win32
		{6FF56CDB-787A-4714-A28C-919003F9FA6C}.release_shared|x86.Build.0 = release_shared|Win32
		{6FF56CDB-787A-4714-A28C-919003F9FA6C}.release_static_md|x64.ActiveCfg = release_static_md|x64
		{6FF56CDB-787A-4714-A28C-919003F9FA6C}.release_static_md|x64.Build.0 = release_static_md|x64
		{6FF56CDB-787A-4714-A28C-919003F9FA6C}.release_static_md|x86.ActiveCfg = release_static_md|Win32
		{6FF56CDB-787A-4714-A28C-919003F9FA6C}.release_static_md|x86.Build.0 = release_static_md|Win32
		{6FF56CDB-787A-4714-A28C-919003F9FA6C}.release_static_mt|x64.ActiveCfg = release_static_mt|x64
		{6FF56CDB-787A-4714-A28C-919003F9FA6C}.release_static_mt|x64.Build.0 = release_static_mt|x64
		{6FF56CDB-787A-4714-A28C-919003F9FA6C}.release_static_mt|x86.ActiveCfg = release_static_mt|Win32
		{6FF56CDB-787A-4714-A28C-919003F9FA6C}.release_static_mt|x86.Build.0 = release_static_mt|Win32
		{0E7FE914-0690-3EB4-9119-93A97CC97741}.debug_shared|x64.ActiveCfg = debug_shared|x64
		{0E7FE914-0690-3EB4-9119-93A97CC97741}.debug_shared|x64.Build.0 = debug_shared|x64
		{0E7FE914-0690-3EB4-9119-93A97CC97741}.debug_shared|x86.ActiveCfg = debug_shared|Win32
		{0E7FE914-0690-3EB4-9119-93A97CC97741}.debug_shared|x86.Build.0 = debug_shared|Win32
		{0E7FE914-0690-3EB4-9119-93A97CC97741}.debug_static_md|x64.ActiveCfg = debug_static_md|x64
		{0E7FE914-0690-3EB4-9119-93A97CC97741}.debug_static_md|x64.Build.0 = debug_static_md|x64
		{0E7FE914-0690-3EB4-9119-93A97CC97741}.debug_static_md|x86.ActiveCfg = debug_static_md|Win32
		{0E7FE914-0690-3EB4-9119-93A97CC97741}.debug_static_md|x86.Build.0 = debug_static_md|Win32
		{0E7FE914-0690-3EB4-9119-93A97CC97741}.debug_static_mt|x64.ActiveCfg = debug_static_mt|x64
		{0E7FE914-0690-3EB4-9119-93A97CC97741}.debug_static_mt|x64.Build.0 = debug_static_mt|x64
		{0E7FE914-0690-3EB4-9119-93A97CC97741}.debug_static_mt|x86.ActiveCfg = debug_static_mt|Win32
		{0E7FE914-0690-3EB4-9119-93A97CC97741}.debug_static_mt|x86.Build.0 = debug_static_mt|Win32
		{0E7FE914-0690-3EB4-9119-93A97CC97741}.release_shared|x64.ActiveCfg = release_shared|x64
		{0E7FE914-0690-3EB4-9119-93A97CC97741}.release_shared|x64.Build.0 = release_shared|x64
		{0E7FE914-0690-3EB4-9119-93A97CC97741}.release_shared|x86.ActiveCfg = release_shared|Win32
		{0E7FE914-0690-3EB4-9119-93A97CC97741}.release_shared|x86.Build.0 = release_shared|Win32
		{0E7FE914-0690-3EB4-9119-93A97CC97741}.release_static_md|x64.ActiveCfg = release_static_md|x64
		{0E7FE914-0690-3EB4-9119-93A97CC97741}.release_static_md|x64.Build.0 = release_static_md|x64
		{0E7FE914-0690-3EB4-9119-93A97CC97741}.release_static_md|x86.ActiveCfg = release_static_md|Win32
		{0E7FE914-0690-3EB4-9119-93A97CC97741}.release_static_md|x86.Build.0 = release_static_md|Win32
		{0E7FE914-0690-3EB4-9119-93A97CC97741}.release_static_mt|x64.ActiveCfg = release_static_mt|x64
		{0E7FE914-0690-3EB4-9119-93A97CC97741}.release_static_mt|x64.Build.0 = release_static_mt|x64
		{0E7FE914-0690-3EB4-9119-93A97CC97741}.release_static_mt|x86.ActiveCfg = release_static_mt|Win32
		{0E7FE914-0690-3EB4-9119-93A97CC97741}.release_static_mt|x86.Build.0 = release_static_mt|Win32
		{9E211743-85FE-4977-82F3-4F04B40C912D}.debug_shared|x64.ActiveCfg = debug_shared|x64
		{9E211743-85FE-4977-82F3-4F04B40C912D}.debug_shared|x64.Build.0 = debug_shared|x64
		{9E211743-85FE-4977-82F3-4F04B40C912D}.debug_shared|x86.ActiveCfg = debug_shared|Win32
		{9E211743-85FE-4977-82F3-4F04B40C912D}.debug_shared|x86.Build.0 = debug_shared|Win32
		{9E211743-85FE-4977-82F3-4F04B40C912D}.debug_static_md|x64.ActiveCfg = debug_static_md|x64
		{9E211743-85FE-4977-82F3-4F04B40C912D}.debug_static_md|x64.Build.0 = debug_static_md|x64
		{9E211743-85FE-4977-82F3-4F04B40C912D}.debug_static_md|x86.ActiveCfg = debug_static_md|Win32
		{9E211743-85FE-4977-82F3-4F04B40C912D}.debug_static_md|x86.Build.0 = debug_static_md|Win32
		{9E211743-85FE-4977-82F3-4F04B40C912D}.debug_static_mt|x64.ActiveCfg = debug_static_mt|x64
		{9E211743-85FE-4977-82F3-4F04B40C912D}.debug_static_mt|x64.Build.0 = debug_static_mt|x64
		{9E211743-85FE-4977-82F3-4F04B40C912D}.debug_static_mt|x86.ActiveCfg = debug_static_mt|Win32
		{9E211743-85FE-4977-82F3-4F04B40C912D}.debug_static_mt|x86.Build.0 = debug_static_mt|Win32
		{9E211743-85FE-4977-82F3-4F04B40C912D}.release_shared|x64.ActiveCfg = release_shared|x64
		{9E211743-85FE-4977-82F3-4F04B40C912D}.release_shared|x64.Build.0 = release_shared|x64
		{9E211743-85FE-4977-82F3-4F04B40C912D}.release_shared|x86.ActiveCfg = release_shared|Win32
		{9E211743-85FE-4977-82F3-4F04B40C912D}.release_shared|x86.Build.0 = release_shared|Win32
		{9E211743-85FE-4977-82F3-4F04B40C912D}.release_static_md|x64.ActiveCfg = release_static_md|x64
		{9E211743-85FE-4977-82F3-4F04B40C912D}.release_static_md|x64.Build.0 = release_static_md|x64
		{9E211743-85FE-4977-82F3-4F04B40C912D}.release_static_md|x86.ActiveCfg = release_static_md|Win32
		{9E211743-85FE-4977-82F3-4F04B40C912D}.release_static_md|x86.Build.0 = release_static_md|Win32
		{9E211743-85FE-4977-82F3-4F04B40C912D}.release_static_mt|x64.ActiveCfg = release_static_mt|x64
		{9E211743-85FE-4977-82F3-4F04B40C912D}.release_static_mt|x64.Build.0 = release_static_mt|x64
		{9E211743-85FE-4977-82F3-4F04B40C912D}.release_static_mt|x86.ActiveCfg = release_static_mt|Win32
		{9E211743-85FE-4977-82F3-4F04B40C912D}.release_static_mt|x86.Build.0 = release_static_mt|Win32
		{240E83C3-368D-11DB-9FBC-00123FC423B5}.debug_shared|x64.ActiveCfg = debug_shared|x64
		{240E83C3-368D-11DB-9FBC-00123FC423B5}.debug_shared|x64.Build.0 = debug_shared|x64
		{240E83C3-368D-11DB-9FBC-00123FC423B5}.debug_shared|x86.ActiveCfg = debug_shared|Win32
		{240E83C3-368D-11DB-9FBC-00123FC423B5}.debug_shared|x86.Build.0 = debug_shared|Win32
		{240E83C3-368D-11DB-9FBC-00123FC423B5}.debug_static_md|x64.ActiveCfg = debug_static_md|x64
		{240E83C3-368D-11DB-9FBC-00123FC423B5}.debug_static_md|x64.Build.0 = debug_static_md|x64
		{240E83C3-368D-11DB-9FBC-00123FC423B5}.debug_static_md|x86.ActiveCfg = debug_static_md|Win32
		{240E83C3-368D-11DB-9FBC-00123FC423B5}.debug_static_md|x86.Build.0 = debug_static_md|Win32
		{240E83C3-368D-11DB-9FBC-00123FC423B5}.debug_static_mt|x64.ActiveCfg = debug_static_mt|x64
		{240E83C3-368D-11DB-9FBC-00123FC423B5}.debug_static_mt|x64.Build.0 = debug_static_mt|x64
		{240E83C3-368D-11DB-9FBC-00123FC423B5}.debug_static_mt|x86.ActiveCfg = debug_static_mt|Win32
		{240E83C3-368D-11DB-9FBC-00123FC423B5}.debug_static_mt|x86.Build.0 = debug_static_mt|Win32
		{240E83C3-368D-11DB-9FBC-00123FC423B5}.release_shared|x64.ActiveCfg = release_shared|x64
		{240E83C3-368D-11DB-9FBC-00123FC423B5}.release_shared|x64.Build.0 = release_shared|x64
		{240E83C3-368D-11DB-9FBC-00123FC423B5}.release_shared|x86.ActiveCfg = release_shared|Win32
		{240E83C3-368D-11DB-9FBC-00123FC423B5}.release_shared|x86.Build.0 = release_shared|Win32
		{240E83C3-368D-11DB-9FBC-00123FC423B5}.release_static_md|x64.ActiveCfg = release_static_md|x64
		{240E83C3-368D-11DB-9FBC-00123FC423B5}.release_static_md|x64.Build.0 = release_static_md|x64
		{240E83C3-368D-11DB-9FBC-00123FC423B5}.release_static_md|x86.ActiveCfg = release_static_md|Win32
		{240E83C3-368D-11DB-9FBC-00123FC423B5}.release_static_md|x86.Build.0 = release_static_md|Win32
		{240E83C3-368D-11DB-9FBC-00123FC423B5}.release_static_mt|x64.ActiveCfg = release_static_mt|x64
		{240E83C3-368D-11DB-9FBC-00123FC423B5}.release_static_mt|x64.Build.0 = release_static_mt|x64
		{240E83C3-368D-11DB-9FBC-00123FC423B5}.release_static_mt|x86.ActiveCfg = release_static_mt|Win32
		{240E83C3-368D-11DB-9FBC-00123FC423B5}.release_static_mt|x86.Build.0 = release_static_mt|Win32
		{D7AAB91A-9AB8-457D-A329-02D1FA47CB7E}.debug_shared|x64.ActiveCfg = debug_shared|x64
		{D7AAB91A-9AB8-457D-A329-02D1FA47CB7E}.debug_shared|x64.Build.0 = debug_shared|x64
		{D7AAB91A-9AB8-457D-A329-02D1FA47CB7E}.debug_shared|x86.ActiveCfg = debug_shared|Win32
		{D7AAB91A-9AB8-457D-A329-02D1FA47CB7E}.debug_shared|x86.Build.0 = debug_shared|Win32
		{D7AAB91A-9AB8-457D-A329-02D1FA47CB7E}.debug_static_md|x64.ActiveCfg = debug_static_md|x64
		{D7AAB91A-9AB8-457D-A329-02D1FA47CB7E}.debug_static_md|x64.Build.0 = debug_static_md|x64
		{D7AAB91A-9AB8-457D-A329-02D1FA47CB7E}.debug_static_md|x86.ActiveCfg = debug_static_md|Win32
		{D7AAB91A-9AB8-457D-A329-02D1FA47CB7E}.debug_static_md|x86.Build.0 = debug_static_md|Win32
		{D7AAB91A-9AB8-457D-A329-02D1FA47CB7E}.debug_static_mt|x64.ActiveCfg = debug_static_mt|x64
		{D7AAB91A-9AB8-457D-A329-02D1FA47CB7E}.debug_static_mt|x64.Build.0 = debug_static_mt|x64
		{D7AAB91A-9AB8-457D-A329-02D1FA47CB7E}.debug_static_mt|x86.ActiveCfg = debug_static_mt|Win32
		{D7AAB91A-9AB8-457D-A329-02D1FA47CB7E}.debug_static_mt|x86.Build.0 = debug_static_mt|Win32
		{D7AAB91A-9AB8-457D-A329-02D1FA47CB7E}.release_shared|x64.ActiveCfg = release_shared|x64
		{D7AAB91A-9AB8-457D-A329-02D1FA47CB7E}.release_shared|x64.Build.0 = release_shared|x64
		{D7AAB91A-9AB8-457D-A329-02D1FA47CB7E}.release_shared|x86.ActiveCfg = release_shared|Win32
		{D7AAB91A-9AB8-457D-A329-02D1FA47CB7E}.release_shared|x86.Build.0 = release_shared|Win32
		{D7AAB91A-9AB8-457D-A329-02D1FA47CB7E}.release_static_md|x64.ActiveCfg = release_static_md|x64
		{D7AAB91A-9AB8-457D-A329-02D1FA47CB7E}.release_static_md|x64.Build.0 = release_static_md|x64
		{D7AAB91A-9AB8-457D-A329-02D1FA47CB7E}.release_static_md|x86.ActiveCfg = release_static_md|Win32
		{D7AAB91A-9AB8-457D-A329-02D1FA47CB7E}.release_static_md|x86.Build.0 = release_static_md|Win32
		{D7AAB91A-9AB8-457D-A329-02D1FA47CB7E}.release_static_mt|x64.ActiveCfg = release_static_mt|x64
		{D7AAB91A-9AB8-457D-A329-02D1FA47CB7E}.release_static_mt|x64.Build.0 = release_static_mt|x64
		{D7AAB91A-9AB8-457D-A329-02D1FA47CB7E}.release_static_mt|x86.ActiveCfg = release_static_mt|Win32
		{D7AAB91A-9AB8-457D-A329-02D1FA47CB7E}.release_static_mt|x86.Build.0 = release_static_mt|Win32
		{18BCF3CC-9474-4D1C-9445-F783A49D886B}.debug_shared|x64.ActiveCfg = debug_shared|x64
		{18BCF3CC-9474-4D1C-9445-F783A49D886B}.debug_shared|x64.Build.0 = debug_shared|x64
		{18BCF3CC-9474-4D1C-9445-F783A49D886B}.debug_shared|x86.ActiveCfg = debug_shared|Win32
		{18BCF3CC-9474-4D1C-9445-F783A49D886B}.debug_shared|x86.Build.0 = debug_shared|Win32
		{18BCF3CC-9474-4D1C-9445-F783A49D886B}.debug_static_md|x64.ActiveCfg = debug_static_md|x64
		{18BCF3CC-9474-4D1C-9445-F783A49D886B}.debug_static_md|x64.Build.0 = debug_static_md|x64
		{18BCF3CC-9474-4D1C-9445-F783A49D886B}.debug_static_md|x86.ActiveCfg = debug_static_md|Win32
		{18BCF3CC-9474-4D1C-9445-F783A49D886B}.debug_static_md|x86.Build.0 = debug_static_md|Win32
		{18BCF3CC-9474-4D1C-9445-F783A49D886B}.debug_static_mt|x64.ActiveCfg = debug_static_mt|x64
		{18BCF3CC-9474-4D1C-9445-F783A49D886B}.debug_static_mt|x64.Build.0 = debug_static_mt|x64
		{18BCF3CC-9474-4D1C-9445-F783A49D886B}.debug_static_mt|x86.ActiveCfg = debug_static_mt|Win32
		{18BCF3CC-9474-4D1C-9445-F783A49D886B}.debug_static_mt|x86.Build.0 = debug_static_mt|Win32
		{18BCF3CC-9474-4D1C-9445-F783A49D886B}.release_shared|x64.ActiveCfg = release_shared|x64
		{18BCF3CC-9474-4D1C-9445-F783A49D886B}.release_shared|x64.Build.0 = release_shared|x64
		{18BCF3CC-9474-4D1C-9445-F783A49D886B}.release_shared|x86.ActiveCfg = release_shared|Win32
		{18BCF3CC-9474-4D1C-9445-F783A49D886B}.release_shared|x86.Build.0 = release_shared|Win32
		{18BCF3CC-9474-4D1C-9445-F783A49D886B}.release_static_md|x64.ActiveCfg = release_static_md|x64
		{18BCF3CC-9474-4D1C-9445-F783A49D886B}.release_static_md|x64.Build.0 = release_static_md|x64
		{18BCF3CC-9474-4D1C-9445-F783A49D886B}.release_static_md|x86.ActiveCfg = release_static_md|Win32
		{18BCF3CC-9474-4D1C-9445-F783A49D886B}.release_static_md|x86.Build.0 = release_static_md|Win32
		{18BCF3CC-9474-4D1C-9445-F783A49D886B}.release_static_mt|x64.ActiveCfg = release_static_mt|x64
		{18BCF3CC-9474-4D1C-9445-F783A49D886B}.release_static_mt|x64.Build.0 = release_static_mt|x64
		{18BCF3CC-9474-4D1C-9445-F783A49D886B}.release_static_mt|x86.ActiveCfg = release_static_mt|Win32
		{18BCF3CC-9474-4D1C-9445-F783A49D886B}.release_static_mt|x86.Build.0 = release_static_mt|Win32
		{EEEE7259-32E9-4D56-B023-C733940AB2A0}.debug_shared|x64.ActiveCfg = debug_shared|x64
		{EEEE7259-32E9-4D56-B023-C733940AB2A0}.debug_shared|x64.Build.0 = debug_shared|x64
		{EEEE7259-32E9-4D56-B023-C733940AB2A0}.debug_shared|x86.ActiveCfg = debug_shared|Win32
		{EEEE7259-32E9-4D56-B023-C733940AB2A0}.debug_shared|x86.Build.0 = debug_shared|Win32
		{EEEE7259-32E9-4D56-B023-C733940AB2A0}.debug_static_md|x64.ActiveCfg = debug_static_md|x64
		{EEEE7259-32E9-4D56-B023-C733940AB2A0}.debug_static_md|x64.Build.0 = debug_static_md|x64
		{EEEE7259-32E9-4D56-B023-C733940AB2A0}.debug_static_md|x86.ActiveCfg = debug_static_md|Win32
		{EEEE7259-32E9-4D56-B023-C733940AB2A0}.debug_static_md|x86.Build.0 = debug_static_md|Win32
		{EEEE7259-32E9-4D56-B023-C733940AB2A0}.debug_static_mt|x64.ActiveCfg = debug_static_mt|x64
		{EEEE7259-32E9-4D56-B023-C733940AB2A0}.debug_static_mt|x64.Build.0 = debug_static_mt|x64
		{EEEE7259-32E9-4D56-B023-C733940AB2A0}.debug_static_mt|x86.ActiveCfg = debug_static_mt|Win32
		{EEEE7259-32E9-4D56-B023-C733940AB2A0}.debug_static_mt|x86.Build.0 = debug_static_mt|Win32
		{EEEE7259-32E9-4D56-B023-C733940AB2A0}.release_shared|x64.ActiveCfg = release_shared|x64
		{EEEE7259-32E9-4D56-B023-C733940AB2A0}.release_shared|x64.Build.0 = release_shared|x64
		{EEEE7259-32E9-4D56-B023-C733940AB2A0}.release_shared|x86.ActiveCfg = release_shared|Win32
		{EEEE7259-32E9-4D56-B023-C733940AB2A0}.release_shared|x86.Build.0 = release_shared|Win32
		{EEEE7259-32E9-4D56-B023-C733940AB2A0}.release_static_md|x64.ActiveCfg = release_static_md|x64
		{EEEE7259-32E9-4D56-B023-C733940AB2A0}.release_static_md|x64.Build.0 = release_static_md|x64
		{EEEE7259-32E9-4D56-B023-C733940AB2A0}.release_static_md|x86.ActiveCfg = release_static_md|Win32
		{EEEE7259-32E9-4D56-B023-C733940AB2A0}.release_static_md|x86.Build.0 = release_static_md|Win32
		{EEEE7259-32E9-4D56-B023-C733940AB2A0}.release_static_mt|x64.ActiveCfg = release_static_mt|x64
		{EEEE7259-32E9-4D56-B023-C733940AB2A0}.release_static_mt|x64.Build.0 = release_static_mt|x64
		{EEEE7259-32E9-4D56-B023-C733940AB2A0}.release_static_mt|x86.ActiveCfg = release_static_mt|Win32
		{EEEE7259-32E9-4D56-B023-C733940AB2A0}.release_static_mt|x86.Build.0 = release_static_mt|Win32
		{4AC75EAD-BFCF-41E6-AB1F-0DA203CC7C61}.debug_shared|x64.ActiveCfg = debug_shared|x64
		{4AC75EAD-BFCF-41E6-AB1F-0DA203CC7C61}.debug_shared|x64.Build.0 = debug_shared|x64
		{4AC75EAD-BFCF-41E6-AB1F-0DA203CC7C61}.debug_shared|x86.ActiveCfg = debug_shared|Win32
		{4AC75EAD-BFCF-41E6-AB1F-0DA203CC7C61}.debug_shared|x86.Build.0 = debug_shared|Win32
		{4AC75EAD-BFCF-41E6-AB1F-0DA203CC7C61}.debug_static_md|x64.ActiveCfg = debug_static_md|x64
		{4AC75EAD-BFCF-41E6-AB1F-0DA203CC7C61}.debug_static_md|x64.Build.0 = debug_static_md|x64
		{4AC75EAD-BFCF-41E6-AB1F-0DA203CC7C61}.debug_static_md|x86.ActiveCfg = debug_static_md|Win32
		{4AC75EAD-BFCF-41E6-AB1F-0DA203CC7C61}.debug_static_md|x86.Build.0 = debug_static_md|Win32
		{4AC75EAD-BFCF-41E6-AB1F-0DA203CC7C61}.debug_static_mt|x64.ActiveCfg = debug_static_mt|x64
		{4AC75EAD-BFCF-41E6-AB1F-0DA203CC7C61}.debug_static_mt|x64.Build.0 = debug_static_mt|x64
		{4AC75EAD-BFCF-41E6-AB1F-0DA203CC7C61}.debug_static_mt|x86.ActiveCfg = debug_static_mt|Win32
		{4AC75EAD-BFCF-41E6-AB1F-0DA203CC7C61}.debug_static_mt|x86.Build.0 = debug_static_mt|Win32
		{4AC75EAD-BFCF-41E6-AB1F-0DA203CC7C61}.release_shared|x64.ActiveCfg = release_shared|x64
		{4AC75EAD-BFCF-41E6-AB1F-0DA203CC7C61}.release_shared|x64.Build.0 = release_shared|x64
		{4AC75EAD-BFCF-41E6-AB1F-0DA203CC7C61}.release_shared|x86.ActiveCfg = release_shared|Win32
		{4AC75EAD-BFCF-41E6-AB1F-0DA203CC7C61}.release_shared|x86.Build.0 = release_shared|Win32
		{4AC75EAD-BFCF-41E6-AB1F-0DA203CC7C61}.release_static_md|x64.ActiveCfg = release_static_md|x64
		{4AC75EAD-BFCF-41E6-AB1F-0DA203CC7C61}.release_static_md|x64.Build.0 = release_static_md|x64
		{4AC75EAD-BFCF-41E6-AB1F-0DA203CC7C61}.release_static_md|x86.ActiveCfg = release_static_md|Win32
		{4AC75EAD-BFCF-41E6-AB1F-0DA203CC7C61}.release_static_md|x86.Build.0 = release_static_md|Win32
		{4AC75EAD-BFCF-41E6-AB1F-0DA203CC7C61}.release_static_mt|x64.ActiveCfg = release_static_mt|x64
		{4AC75EAD-BFCF-41E6-AB1F-0DA203CC7C61}.release_static_mt|x64.Build.0 = release_static_mt|x64
		{4AC75EAD-BFCF-41E6-AB1F-0DA203CC7C61}.release_static_mt|x86.ActiveCfg = release_static_mt|Win32
		{4AC75EAD-BFCF-41E6-AB1F-0DA203CC7C61}.release_static_mt|x86.Build.0 = release_static_mt|Win32
		{EFE871AE-A00F-4EB5-B816-FA316EAB9DA7}.debug_shared|x64.ActiveCfg = debug_shared|x64
		{EFE871AE-A00F-4EB5-B816-FA316EAB9DA7}.debug_shared|x64.Build.0 = debug_shared|x64
		{EFE871AE-A00F-4EB5-B816-FA316EAB9DA7}.debug_shared|x86.ActiveCfg = debug_shared|Win32
		{EFE871AE-A00F-4EB5-B816-FA316EAB9DA7}.debug_shared|x86.Build.0 = debug_shared|Win32
		{EFE871AE-A00F-4EB5-B816-FA316EAB9DA7}.debug_static_md|x64.ActiveCfg = debug_static_md|x64
		{EFE871AE-A00F-4EB5-B816-FA316EAB9DA7}.debug_static_md|x64.Build.0 = debug_static_md|x64
		{EFE871AE-A00F-4EB5-B816-FA316EAB9DA7}.debug_static_md|x86.ActiveCfg = debug_static_md|Win32
		{EFE871AE-A00F-4EB5-B816-FA316EAB9DA7}.debug_static_md|x86.Build.0 = debug_static_md|Win32
		{EFE871AE-A00F-4EB5-B816-FA316EAB9DA7}.debug_static_mt|x64.ActiveCfg = debug_static_mt|x64
		{EFE871AE-A00F-4EB5-B816-FA316EAB9DA7}.debug_static_mt|x64.Build.0 = debug_static_mt|x64
		{EFE871AE-A00F-4EB5-B816-FA316EAB9DA7}.debug_static_mt|x86.ActiveCfg = debug_static_mt|Win32
		{EFE871AE-A00F-4EB5-B816-FA316EAB9DA7}.debug_static_mt|x86.Build.0 = debug_static_mt|Win32
		{EFE871AE-A00F-4EB5-B816-FA316EAB9DA7}.release_shared|x64.ActiveCfg = release_shared|x64
		{EFE871AE-A00F-4EB5-B816-FA316EAB9DA7}.release_shared|x64.Build.0 = release_shared|x64
		{EFE871AE-A00F-4EB5-B816-FA316EAB9DA7}.release_shared|x86.ActiveCfg = release_shared|Win32
		{EFE871AE-A00F-4EB5-B816-FA316EAB9DA7}.release_shared|x86.Build.0 = release_shared|Win32
		{EFE871AE-A00F-4EB5-B816-FA316EAB9DA7}.release_static_md|x64.ActiveCfg = release_static_md|x64
		{EFE871AE-A00F-4EB5-B816-FA316EAB9DA7}.release_static_md|x64.Build.0 = release_static_md|x64
		{EFE871AE-A00F-4EB5-B816-FA316EAB9DA7}.release_static_md|x86.ActiveCfg = release_static_md|Win32
		{EFE871AE-A00F-4EB5-B816-FA316EAB9DA7}.release_static_md|x86.Build.0 = release_static_md|Win32
		{EFE871AE-A00F-4EB5-B816-FA316EAB9DA7}.release_static_mt|x64.ActiveCfg = release_static_mt|x64
		{EFE871AE-A00F-4EB5-B816-FA316EAB9DA7}.release_static_mt|x64.Build.0 = release_static_mt|x64
		{EFE871AE-A00F-4EB5-B816-FA316EAB9DA7}.release_static_mt|x86.ActiveCfg = release_static_mt|Win32
		{EFE871AE-A00F-4EB5-B816-FA316EAB9DA7}.release_static_mt|x86.Build.0 = release_static_mt|Win32
		{A097DC74-A5FC-4A0B-804E-B18892426E77}.debug_shared|x64.ActiveCfg = debug_shared|x64
		{A097DC74-A5FC-4A0B-804E-B18892426E77}.debug_shared|x64.Build.0 = debug_shared|x64
		{A097DC74-A5FC-4A0B-804E-B18892426E77}.debug_shared|x86.ActiveCfg = debug_shared|Win32
		{A097DC74-A5FC-4A0B-804E-B18892426E77}.debug_shared|x86.Build.0 = debug_shared|Win32
		{A097DC74-A5FC-4A0B-804E-B18892426E77}.debug_static_md|x64.ActiveCfg = debug_static_md|x64
		{A097DC74-A5FC-4A0B-804E-B18892426E77}.debug_static_md|x64.Build.0 = debug_static_md|x64
		{A097DC74-A5FC-4A0B-804E-B18892426E77}.debug_static_md|x86.ActiveCfg = debug_static_md|Win32
		{A097DC74-A5FC-4A0B-804E-B18892426E77}.debug_static_md|x86.Build.0 = debug_static_md|Win32
		{A097DC74-A5FC-4A0B-804E-B18892426E77}.debug_static_mt|x64.ActiveCfg = debug_static_mt|x64
		{A097DC74-A5FC-4A0B-804E-B18892426E77}.debug_static_mt|x64.Build.0 = debug_static_mt|x64
		{A097DC74-A5FC-4A0B-804E-B18892426E77}.debug_static_mt|x86.ActiveCfg = debug_static_mt|Win32
		{A097DC74-A5FC-4A0B-804E-B18892426E77}.debug_static_mt|x86.Build.0 = debug_static_mt|Win32
		{A097DC74-A5FC-4A0B-804E-B18892426E77}.release_shared|x64.ActiveCfg = release_shared|x64
		{A097DC74-A5FC-4A0B-804E-B18892426E77}.release_shared|x64.Build.0 = release_shared|x64
		{A097DC74-A5FC-4A0B-804E-B18892426E77}.release_shared|x86.ActiveCfg = release_shared|Win32
		{A097DC74-A5FC-4A0B-804E-B18892426E77}.release_shared|x86.Build.0 = release_shared|Win32
		{A097DC74-A5FC-4A0B-804E-B18892426E77}.release_static_md|x64.ActiveCfg = release_static_md|x64
		{A097DC74-A5FC-4A0B-804E-B18892426E77}.release_static_md|x64.Build.0 = release_static_md|x64
		{A097DC74-A5FC-4A0B-804E-B18892426E77}.release_static_md|x86.ActiveCfg = release_static_md|Win32
		{A097DC74-A5FC-4A0B-804E-B18892426E77}.release_static_md|x86.Build.0 = release_static_md|Win32
		{A097DC74-A5FC-4A0B-804E-B18892426E77}.release_static_mt|x64.ActiveCfg = release_static_mt|x64
		{A097DC74-A5FC-4A0B-804E-B18892426E77}.release_static_mt|x64.Build.0 = release_static_mt|x64
		{A097DC74-A5FC-4A0B-804E-B18892426E77}.release_static_mt|x86.ActiveCfg = release_static_mt|Win32
		{A097DC74-A5FC-4A0B-804E-B18892426E77}.release_static_mt|x86.Build.0 = release_static_mt|Win32
		{BBDBC9A3-15CD-495B-9B16-D03CFBFB8D2D}.debug_shared|x64.ActiveCfg = debug_shared|x64
		{BBDBC9A3-15CD-495B-9B16-D03CFBFB8D2D}.debug_shared|x64.Build.0 = debug_shared|x64
		{BBDBC9A3-15CD-495B-9B16-D03CFBFB8D2D}.debug_shared|x86.ActiveCfg = debug_shared|Win32
		{BBDBC9A3-15CD-495B-9B16-D03CFBFB8D2D}.debug_shared|x86.Build.0 = debug_shared|Win32
		{BBDBC9A3-15CD-495B-9B16-D03CFBFB8D2D}.debug_static_md|x64.ActiveCfg = debug_static_md|x64
		{BBDBC9A3-15CD-495B-9B16-D03CFBFB8D2D}.debug_static_md|x64.Build.0 = debug_static_md|x64
		{BBDBC9A3-15CD-495B-9B16-D03CFBFB8D2D}.debug_static_md|x86.ActiveCfg = debug_static_md|Win32
		{BBDBC9A3-15CD-495B-9B16-D03CFBFB8D2D}.debug_static_md|x86.Build.0 = debug_static_md|Win32
		{BBDBC9A3-15CD-495B-9B16-D03CFBFB8D2D}.debug_static_mt|x64.ActiveCfg = debug_static_mt|x64
		{BBDBC9A3-15CD-495B-9B16-D03CFBFB8D2D}.debug_static_mt|x64.Build.0 = debug_static_mt|x64
		{BBDBC9A3-15CD-495B-9B16-D03CFBFB8D2D}.debug_static_mt|x86.ActiveCfg = debug_static_mt|Win32
		{BBDBC9A3-15CD-495B-9B16-D03CFBFB8D2D}.debug_static_mt|x86.Build.0 = debug_static_mt|Win32
		{BBDBC9A3-15CD-495B-9B16-D03CFBFB8D2D}.release_shared|x64.ActiveCfg = release_shared|x64
		{BBDBC9A3-15CD-495B-9B16-D03CFBFB8D2D}.release_shared|x64.Build.0 = release_shared|x64
		{BBDBC9A3-15CD-495B-9B16-D03CFBFB8D2D}.release_shared|x86.ActiveCfg = release_shared|Win32
		{BBDBC9A3-15CD-495B-9B16-D03CFBFB8D2D}.release_shared|x86.Build.0 = release_shared|Win32
		{BBDBC9A3-15CD-495B-9B16-D03CFBFB8D2D}.release_static_md|x64.ActiveCfg = release_static_md|x64
		{BBDBC9A3-15CD-495B-9B16-D03CFBFB8D2D}.release_static_md|x64.Build.0 = release_static_md|x64
		{BBDBC9A3-15CD-495B-9B16-D03CFBFB8D2D}.release_static_md|x86.ActiveCfg = release_static_md|Win32
		{BBDBC9A3-15CD-495B-9B16-D03CFBFB8D2D}.release_static_md|x86.Build.0 = release_static_md|Win32
		{BBDBC9A3-15CD-495B-9B16-D03CFBFB8D2D}.release_static_mt|x64.ActiveCfg = release_static_mt|x64
		{BBDBC9A3-15CD-495B-9B16-D03CFBFB8D2D}.release_static_mt|x64.Build.0 = release_static_mt|x64
		{BBDBC9A3-15CD-495B-9B16-D03CFBFB8D2D}.release_static_mt|x86.ActiveCfg = release_static_mt|Win32
		{BBDBC9A3-15CD-495B-9B16-D03CFBFB8D2D}.release_static_mt|x86.Build.0 = release_static_mt|Win32
		{73E19FDE-1570-488C-B3DB-72A60FADD408}.debug_shared|x64.ActiveCfg = debug_shared|x64
		{73E19FDE-1570-488C-B3DB-72A60FADD408}.debug_shared|x64.Build.0 = debug_shared|x64
		{73E19FDE-1570-488C-B3DB-72A60FADD408}.debug_shared|x86.ActiveCfg = debug_shared|Win32
		{73E19FDE-1570-488C-B3DB-72A60FADD408}.debug_shared|x86.Build.0 = debug_shared|Win32
		{73E19FDE-1570-488C-B3DB-72A60FADD408}.debug_static_md|x64.ActiveCfg = debug_static_md|x64
		{73E19FDE-1570-488C-B3DB-72A60FADD408}.debug_static_md|x64.Build.0 = debug_static_md|x64
		{73E19FDE-1570-488C-B3DB-72A60FADD408}.debug_static_md|x86.ActiveCfg = debug_static_md|Win32
		{73E19FDE-1570-488C-B3DB-72A60FADD408}.debug_static_md|x86.Build.0 = debug_static_md|Win32
		{73E19FDE-1570-488C-B3DB-72A60FADD408}.debug_static_mt|x64.ActiveCfg = debug_static_mt|x64
		{73E19FDE-1570-488C-B3DB-72A60FADD408}.debug_static_mt|x64.Build.0 = debug_static_mt|x64
		{73E19FDE-1570-488C-B3DB-72A60FADD408}.debug_static_mt|x86.ActiveCfg = debug_static_mt|Win32
		{73E19FDE-1570-488C-B3DB-72A60FADD408}.debug_static_mt|x86.Build.0 = debug_static_mt|Win32
		{73E19FDE-1570-488C-B3DB-72A60FADD408}.release_shared|x64.ActiveCfg = release_shared|x64
		{73E19FDE-1570-488C-B3DB-72A60FADD408}.release_shared|x64.Build.0 = release_shared|x64
		{73E19FDE-1570-488C-B3DB-72A60FADD408}.release_shared|x86.ActiveCfg = release_shared|Win32
		{73E19FDE-1570-488C-B3DB-72A60FADD408}.release_shared|x86.Build.0 = release_shared|Win32
		{73E19FDE-1570-488C-B3DB-72A60FADD408}.release_static_md|x64.ActiveCfg = release_static_md|x64
		{73E19FDE-1570-488C-B3DB-72A60FADD408}.release_static_md|x64.Build.0 = release_static_md|x64
		{73E19FDE-1570-488C-B3DB-72A60FADD408}.release_static_md|x86.ActiveCfg = release_static_md|Win32
		{73E19FDE-1570-488C-B3DB-72A60FADD408}.release_static_md|x86.Build.0 = release_static_md|Win32
		{73E19FDE-1570-488C-B3DB-72A60FADD408}.release_static_mt|x64.ActiveCfg = release_static_mt|x64
		{73E19FDE-1570-488C-B3DB-72A60FADD408}.release_static_mt|x64.Build.0 = release_static_mt|x64
		{73E19FDE-1570-488C-B3DB-72A60FADD408}.release_static_mt|x86.ActiveCfg = release_static_mt|Win32
		{73E19FDE-1570-488C-B3DB-72A60FADD408}.release_static_mt|x86.Build.0 = release_static_mt|Win32
		{BAFE8427-9DD3-41FC-9E93-8E699BCD6E21}.debug_shared|x64.ActiveCfg = debug_shared|x64
		{BAFE8427-9DD3-41FC-9E93-8E699BCD6E21}.debug_shared|x64.Build.0 = debug_shared|x64
		{BAFE8427-9DD3-41FC-9E93-8E699BCD6E21}.debug_shared|x86.ActiveCfg = debug_shared|Win32
		{BAFE8427-9DD3-41FC-9E93-8E699BCD6E21}.debug_shared|x86.Build.0 = debug_shared|Win32
		{BAFE8427-9DD3-41FC-9E93-8E699BCD6E21}.debug_static_md|x64.ActiveCfg = debug_static_md|x64
		{BAFE8427-9DD3-41FC-9E93-8E699BCD6E21}.debug_static_md|x64.Build.0 = debug_static_md|x64
		{BAFE8427-9DD3-41FC-9E93-8E699BCD6E21}.debug_static_md|x86.ActiveCfg = debug_static_md|Win32
		{BAFE8427-9DD3-41FC-9E93-8E699BCD6E21}.debug_static_md|x86.Build.0 = debug_static_md|Win32
		{BAFE8427-9DD3-41FC-9E93-8E699BCD6E21}.debug_static_mt|x64.ActiveCfg = debug_static_mt|x64
		{BAFE8427-9DD3-41FC-9E93-8E699BCD6E21}.debug_static_mt|x64.Build.0 = debug_static_mt|x64
		{BAFE8427-9DD3-41FC-9E93-8E699BCD6E21}.debug_static_mt|x86.ActiveCfg = debug_static_mt|Win32
		{BAFE8427-9DD3-41FC-9E93-8E699BCD6E21}.debug_static_mt|x86.Build.0 = debug_static_mt|Win32
		{BAFE8427-9DD3-41FC-9E93-8E699BCD6E21}.release_shared|x64.ActiveCfg = release_shared|x64
		{BAFE8427-9DD3-41FC-9E93-8E699BCD6E21}.release_shared|x64.Build.0 = release_shared|x64
		{BAFE8427-9DD3-41FC-9E93-8E699BCD6E21}.release_shared|x86.ActiveCfg = release_shared|Win32
		{BAFE8427-9DD3-41FC-9E93-8E699BCD6E21}.release_shared|x86.Build.0 = release_shared|Win32
		{BAFE8427-9DD3-41FC-9E93-8E699BCD6E21}.release_static_md|x64.ActiveCfg = release_static_md|x64
		{BAFE8427-9DD3-41FC-9E93-8E699BCD6E21}.release_static_md|x64.Build.0 = release_static_md|x64
		{BAFE8427-9DD3-41FC-9E93-8E699BCD6E21}.release_static_md|x86.ActiveCfg = release_static_md|Win32
		{BAFE8427-9DD3-41FC-9E93-8E699BCD6E21}.release_static_md|x86.Build.0 = release_static_md|Win32
		{BAFE8427-9DD3-41FC-9E93-8E699BCD6E21}.release_static_mt|x64.ActiveCfg = release_static_mt|x64
		{BAFE8427-9DD3-41FC-9E93-8E699BCD6E21}.release_static_mt|x64.Build.0 = release_static_mt|x64
		{BAFE8427-9DD3-41FC-9E93-8E699BCD6E21}.release_static_mt|x86.ActiveCfg = release_static_mt|Win32
		{BAFE8427-9DD3-41FC-9E93-8E699BCD6E21}.release_static_mt|x86.Build.0 = release_static_mt|Win32
		{1B29820D-375F-11DB-837B-00123FC423B5}.debug_shared|x64.ActiveCfg = debug_shared|x64
		{1B29820D-375F-11DB-837B-00123FC423B5}.debug_shared|x64.Build.0 = debug_shared|x64
		{1B29820D-375F-11DB-837B-00123FC423B5}.debug_shared|x86.ActiveCfg = debug_shared|Win32
		{1B29820D-375F-11DB-837B-00123FC423B5}.debug_shared|x86.Build.0 = debug_shared|Win32
		{1B29820D-375F-11DB-837B-00123FC423B5}.debug_static_md|x64.ActiveCfg = debug_static_md|x64
		{1B29820D-375F-11DB-837B-00123FC423B5}.debug_static_md|x64.Build.0 = debug_static_md|x64
		{1B29820D-375F-11DB-837B-00123FC423B5}.debug_static_md|x86.ActiveCfg = debug_static_md|Win32
		{1B29820D-375F-11DB-837B-00123FC423B5}.debug_static_md|x86.Build.0 = debug_static_md|Win32
		{1B29820D-375F-11DB-837B-00123FC423B5}.debug_static_mt|x64.ActiveCfg = debug_static_mt|x64
		{1B29820D-375F-11DB-837B-00123FC423B5}.debug_static_mt|x64.Build.0 = debug_static_mt|x64
		{1B29820D-375F-11DB-837B-00123FC423B5}.debug_static_mt|x86.ActiveCfg = debug_static_mt|Win32
		{1B29820D-375F-11DB-837B-00123FC423B5}.debug_static_mt|x86.Build.0 = debug_static_mt|Win32
		{1B29820D-375F-11DB-837B-00123FC423B5}.release_shared|x64.ActiveCfg = release_shared|x64
		{1B29820D-375F-11DB-837B-00123FC423B5}.release_shared|x64.Build.0 = release_shared|x64
		{1B29820D-375F-11DB-837B-00123FC423B5}.release_shared|x86.ActiveCfg = release_shared|Win32
		{1B29820D-375F-11DB-837B-00123FC423B5}.release_shared|x86.Build.0 = release_shared|Win32
		{1B29820D-375F-11DB-837B-00123FC423B5}.release_static_md|x64.ActiveCfg = release_static_md|x64
		{1B29820D-375F-11DB-837B-00123FC423B5}.release_static_md|x64.Build.0 = release_static_md|x64
		{1B29820D-375F-11DB-837B-00123FC423B5}.release_static_md|x86.ActiveCfg = release_static_md|Win32
		{1B29820D-375F-11DB-837B-00123FC423B5}.release_static_md|x86.Build.0 = release_static_md|Win32
		{1B29820D-375F-11DB-837B-00123FC423B5}.release_static_mt|x64.ActiveCfg = release_static_mt|x64
		{1B29820D-375F-11DB-837B-00123FC423B5}.release_static_mt|x64.Build.0 = release_static_mt|x64
		{1B29820D-375F-11DB-837B-00123FC423B5}.release_static_mt|x86.ActiveCfg = release_static_mt|Win32
		{1B29820D-375F-11DB-837B-00123FC423B5}.release_static_mt|x86.Build.0 = release_static_mt|Win32
		{5B889CE7-AD42-4CFE-BBC3-532B61F8329E}.debug_shared|x64.ActiveCfg = debug_shared|x64
		{5B889CE7-AD42-4CFE-BBC3-532B61F8329E}.debug_shared|x64.Build.0 = debug_shared|x64
		{5B889CE7-AD42-4CFE-BBC3-532B61F8329E}.debug_shared|x86.ActiveCfg = debug_shared|Win32
		{5B889CE7-AD42-4CFE-BBC3-532B61F8329E}.debug_shared|x86.Build.0 = debug_shared|Win32
		{5B889CE7-AD42-4CFE-BBC3-532B61F8329E}.debug_static_md|x64.ActiveCfg = debug_static_md|x64
		{5B889CE7-AD42-4CFE-BBC3-532B61F8329E}.debug_static_md|x64.Build.0 = debug_static_md|x64
		{5B889CE7-AD42-4CFE-BBC3-532B61F8329E}.debug_static_md|x86.ActiveCfg = debug_static_md|Win32
		{5B889CE7-AD42-4CFE-BBC3-532B61F8329E}.debug_static_md|x86.Build.0 = debug_static_md|Win32
		{5B889CE7-AD42-4CFE-BBC3-532B61F8329E}.debug_static_mt|x64.ActiveCfg = debug_static_mt|x64
		{5B889CE7-AD42-4CFE-BBC3-532B61F8329E}.debug_static_mt|x64.Build.0 = debug_static_mt|x64
		{5B889CE7-AD42-4CFE-BBC3-532B61F8329E}.debug_static_mt|x86.ActiveCfg = debug_static_mt|Win32
		{5B889CE7-AD42-4CFE-BBC3-532B61F8329E}.debug_static_mt|x86.Build.0 = debug_static_mt|Win32
		{5B889CE7-AD42-4CFE-BBC3-532B61F8329E}.release_shared|x64.ActiveCfg = release_shared|x64
		{5B889CE7-AD42-4CFE-BBC3-532B61F8329E}.release_shared|x64.Build.0 = release_shared|x64
		{5B889CE7-AD42-4CFE-BBC3-532B61F8329E}.release_shared|x86.ActiveCfg = release_shared|Win32
		{5B889CE7-AD42-4CFE-BBC3-532B61F8329E}.release_shared|x86.Build.0 = release_shared|Win32
		{5B889CE7-AD42-4CFE-BBC3-532B61F8329E}.release_static_md|x64.ActiveCfg = release_static_md|x64
		{5B889CE7-AD42-4CFE-BBC3-532B61F8329E}.release_static_md|x64.Build.0 = release_static_md|x64
		{5B889CE7-AD42-4CFE-BBC3-532B61F8329E}.release_static_md|x86.ActiveCfg = release_static_md|Win32
		{5B889CE7-AD42-4CFE-BBC3-532B61F8329E}.release_static_md|x86.Build.0 = release_static_md|Win32
		{5B889CE7-AD42-4CFE-BBC3-532B61F8329E}.release_static_mt|x64.ActiveCfg = release_static_mt|x64
		{5B889CE7-AD42-4CFE-BBC3-532B61F8329E}.release_static_mt|x64.Build.0 = release_static_mt|x64
		{5B889CE7-AD42-4CFE-BBC3-532B61F8329E}.release_static_mt|x86.ActiveCfg = release_static_mt|Win32
		{5B889CE7-AD42-4CFE-BBC3-532B61F8329E}.release_static_mt|x86.Build.0 = release_static_mt|Win32
		{C77B9D92-EC91-11DA-A4CE-005056C00008}.debug_shared|x64.ActiveCfg = debug_shared|x64
		{C77B9D92-EC91-11DA-A4CE-005056C00008}.debug_shared|x64.Build.0 = debug_shared|x64
		{C77B9D92-EC91-11DA-A4CE-005056C00008}.debug_shared|x86.ActiveCfg = debug_shared|Win32
		{C77B9D92-EC91-11DA-A4CE-005056C00008}.debug_shared|x86.Build.0 = debug_shared|Win32
		{C77B9D92-EC91-11DA-A4CE-005056C00008}.debug_static_md|x64.ActiveCfg = debug_static_md|x64
		{C77B9D92-EC91-11DA-A4CE-005056C00008}.debug_static_md|x64.Build.0 = debug_static_md|x64
		{C77B9D92-EC91-11DA-A4CE-005056C00008}.debug_static_md|x86.ActiveCfg = debug_static_md|Win32
		{C77B9D92-EC91-11DA-A4CE-005056C00008}.debug_static_md|x86.Build.0 = debug_static_md|Win32
		{C77B9D92-EC91-11DA-A4CE-005056C00008}.debug_static_mt|x64.ActiveCfg = debug_static_mt|x64
		{C77B9D92-EC91-11DA-A4CE-005056C00008}.debug_static_mt|x64.Build.0 = debug_static_mt|x64
		{C77B9D92-EC91-11DA-A4CE-005056C00008}.debug_static_mt|x86.ActiveCfg = debug_static_mt|Win32
		{C77B9D92-EC91-11DA-A4CE-005056C00008}.debug_static_mt|x86.Build.0 = debug_static_mt|Win32
		{C77B9D92-EC91-11DA-A4CE-005056C00008}.release_shared|x64.ActiveCfg = release_shared|x64
		{C77B9D92-EC91-11DA-A4CE-005056C00008}.release_shared|x64.Build.0 = release_shared|x64
		{C77B9D92-EC91-11DA-A4CE-005056C00008}.release_shared|x86.ActiveCfg = release_shared|Win32
		{C77B9D92-EC91-11DA-A4CE-005056C00008}.release_shared|x86.Build.0 = release_shared|Win32
		{C77B9D92-EC91-11DA-A4CE-005056C00008}.release_static_md|x64.ActiveCfg = release_static_md|x64
		{C77B9D92-EC91-11DA-A4CE-005056C00008}.release_static_md|x64.Build.0 = release_static_md|x64
		{C77B9D92-EC91-11DA-A4CE-005056C00008}.release_static_md|x86.ActiveCfg = release_static_md|Win32
		{C77B9D92-EC91-11DA-A4CE-005056C00008}.release_static_md|x86.Build.0 = release_static_md|Win32
		{C77B9D92-EC91-11DA-A4CE-005056C00008}.release_static_mt|x64.ActiveCfg = release_static_mt|x64
		{C77B9D92-EC91-11DA-A4CE-005056C00008}.release_static_mt|x64.Build.0 = release_static_mt|x64
		{C77B9D92-EC91-11DA-A4CE-005056C00008}.release_static_mt|x86.ActiveCfg = release_static_mt|Win32
		{C77B9D92-EC91-11DA-A4CE-005056C00008}.release_static_mt|x86.Build.0 = release_static_mt|Win32
		{138BB448-808A-4FE5-A66D-78D1F8770F59}.debug_shared|x64.ActiveCfg = debug_shared|x64
		{138BB448-808A-4FE5-A66D-78D1F8770F59}.debug_shared|x64.Build.0 = debug_shared|x64
		{138BB448-808A-4FE5-A66D-78D1F8770F59}.debug_shared|x86.ActiveCfg = debug_shared|Win32
		{138BB448-808A-4FE5-A66D-78D1F8770F59}.debug_shared|x86.Build.0 = debug_shared|Win32
		{138BB448-808A-4FE5-A66D-78D1F8770F59}.debug_static_md|x64.ActiveCfg = debug_static_md|x64
		{138BB448-808A-4FE5-A66D-78D1F8770F59}.debug_static_md|x64.Build.0 = debug_static_md|x64
		{138BB448-808A-4FE5-A66D-78D1F8770F59}.debug_static_md|x86.ActiveCfg = debug_static_md|Win32
		{138BB448-808A-4FE5-A66D-78D1F8770F59}.debug_static_md|x86.Build.0 = debug_static_md|Win32
		{138BB448-808A-4FE5-A66D-78D1F8770F59}.debug_static_mt|x64.ActiveCfg = debug_static_mt|x64
		{138BB448-808A-4FE5-A66D-78D1F8770F59}.debug_static_mt|x64.Build.0 = debug_static_mt|x64
		{138BB448-808A-4FE5-A66D-78D1F8770F59}.debug_static_mt|x86.ActiveCfg = debug_static_mt|Win32
		{138BB448-808A-4FE5-A66D-78D1F8770F59}.debug_static_mt|x86.Build.0 = debug_static_mt|Win32
		{138BB448-808A-4FE5-A66D-78D1F8770F59}.release_shared|x64.ActiveCfg = release_shared|x64
		{138BB448-808A-4FE5-A66D-78D1F8770F59}.release_shared|x64.Build.0 = release_shared|x64
		{138BB448-808A-4FE5-A66D-78D1F8770F59}.release_shared|x86.ActiveCfg = release_shared|Win32
		{138BB448-808A-4FE5-A66D-78D1F8770F59}.release_shared|x86.Build.0 = release_shared|Win32
		{138BB448-808A-4FE5-A66D-78D1F8770F59}.release_static_md|x64.ActiveCfg = release_static_md|x64
		{138BB448-808A-4FE5-A66D-78D1F8770F59}.release_static_md|x64.Build.0 = release_static_md|x64
		{138BB448-808A-4FE5-A66D-78D1F8770F59}.release_static_md|x86.ActiveCfg = release_static_md|Win32
		{138BB448-808A-4FE5-A66D-78D1F8770F59}.release_static_md|x86.Build.0 = release_static_md|Win32
		{138BB448-808A-4FE5-A66D-78D1F8770F59}.release_static_mt|x64.ActiveCfg = release_static_mt|x64
		{138BB448-808A-4FE5-A66D-78D1F8770F59}.release_static_mt|x64.Build.0 = release_static_mt|x64
		{138BB448-808A-4FE5-A66D-78D1F8770F59}.release_static_mt|x86.ActiveCfg = release_static_mt|Win32
		{138BB448-808A-4FE5-A66D-78D1F8770F59}.release_static_mt|x86.Build.0 = release_static_mt|Win32
		{4FF2F34B-7F37-3ACD-AFBC-F21D6D426199}.debug_shared|x64.ActiveCfg = debug_shared|x64
		{4FF2F34B-7F37-3ACD-AFBC-F21D6D426199}.debug_shared|x64.Build.0 = debug_shared|x64
		{4FF2F34B-7F37-3ACD-AFBC-F21D6D426199}.debug_shared|x86.ActiveCfg = debug_shared|Win32
		{4FF2F34B-7F37-3ACD-AFBC-F21D6D426199}.debug_shared|x86.Build.0 = debug_shared|Win32
		{4FF2F34B-7F37-3ACD-AFBC-F21D6D426199}.debug_static_md|x64.ActiveCfg = debug_static_md|x64
		{4FF2F34B-7F37-3ACD-AFBC-F21D6D426199}.debug_static_md|x64.Build.0 = debug_static_md|x64
		{4FF2F34B-7F37-3ACD-AFBC-F21D6D426199}.debug_static_md|x86.ActiveCfg = debug_static_md|Win32
		{4FF2F34B-7F37-3ACD-AFBC-F21D6D426199}.debug_static_md|x86.Build.0 = debug_static_md|Win32
		{4FF2F34B-7F37-3ACD-AFBC-F21D6D426199}.debug_static_mt|x64.ActiveCfg = debug_static_mt|x64
		{4FF2F34B-7F37-3ACD-AFBC-F21D6D426199}.debug_static_mt|x64.Build.0 = debug_static_mt|x64
		{4FF2F34B-7F37-3ACD-AFBC-F21D6D426199}.debug_static_mt|x86.ActiveCfg = debug_static_mt|Win32
		{4FF2F34B-7F37-3ACD-AFBC-F21D6D426199}.debug_static_mt|x86.Build.0 = debug_static_mt|Win32
		{4FF2F34B-7F37-3ACD-AFBC-F21D6D426199}.release_shared|x64.ActiveCfg = release_shared|x64
		{4FF2F34B-7F37-3ACD-AFBC-F21D6D426199}.release_shared|x64.Build.0 = release_shared|x64
		{4FF2F34B-7F37-3ACD-AFBC-F21D6D426199}.release_shared|x86.ActiveCfg = release_shared|Win32
		{4FF2F34B-7F37-3ACD-AFBC-F21D6D426199}.release_shared|x86.Build.0 = release_shared|Win32
		{4FF2F34B-7F37-3ACD-AFBC-F21D6D426199}.release_static_md|x64.ActiveCfg = release_static_md|x64
		{4FF2F34B-7F37-3ACD-AFBC-F21D6D426199}.release_static_md|x64.Build.0 = release_static_md|x64
		{4FF2F34B-7F37-3ACD-AFBC-F21D6D426199}.release_static_md|x86.ActiveCfg = release_static_md|Win32
		{4FF2F34B-7F37-3ACD-AFBC-F21D6D426199}.release_static_md|x86.Build.0 = release_static_md|Win32
		{4FF2F34B-7F37-3ACD-AFBC-F21D6D426199}.release_static_mt|x64.ActiveCfg = release_static_mt|x64
		{4FF2F34B-7F37-3ACD-AFBC-F21D6D426199}.release_static_mt|x64.Build.0 = release_static_mt|x64
		{4FF2F34B-7F37-3ACD-AFBC-F21D6D426199}.release_static_mt|x86.ActiveCfg = release_static_mt|Win32
		{4FF2F34B-7F37-3ACD-AFBC-F21D6D426199}.release_static_mt|x86.Build.0 = release_static_mt|Win32
		{5AECC55E-A469-11DA-8DA6-005056C00008}.debug_shared|x64.ActiveCfg = debug_shared|x64
		{5AECC55E-A469-11DA-8DA6-005056C00008}.debug_shared|x64.Build.0 = debug_shared|x64
		{5AECC55E-A469-11DA-8DA6-005056C00008}.debug_shared|x86.ActiveCfg = debug_shared|Win32
		{5AECC55E-A469-11DA-8DA6-005056C00008}.debug_shared|x86.Build.0 = debug_shared|Win32
		{5AECC55E-A469-11DA-8DA6-005056C00008}.debug_static_md|x64.ActiveCfg = debug_static_md|x64
		{5AECC55E-A469-11DA-8DA6-005056C00008}.debug_static_md|x64.Build.0 = debug_static_md|x64
		{5AECC55E-A469-11DA-8DA6-005056C00008}.debug_static_md|x86.ActiveCfg = debug_static_md|Win32
		{5AECC55E-A469-11DA-8DA6-005056C00008}.debug_static_md|x86.Build.0 = debug_static_md|Win32
		{5AECC55E-A469-11DA-8DA6-005056C00008}.debug_static_mt|x64.ActiveCfg = debug_static_mt|x64
		{5AECC55E-A469-11DA-8DA6-005056C00008}.debug_static_mt|x64.Build.0 = debug_static_mt|x64
		{5AECC55E-A469-11DA-8DA6-005056C00008}.debug_static_mt|x86.ActiveCfg = debug_static_mt|Win32
		{5AECC55E-A469-11DA-8DA6-005056C00008}.debug_static_mt|x86.Build.0 = debug_static_mt|Win32
		{5AECC55E-A469-11DA-8DA6-005056C00008}.release_shared|x64.ActiveCfg = release_shared|x64
		{5AECC55E-A469-11DA-8DA6-005056C00008}.release_shared|x64.Build.0 = release_shared|x64
		{5AECC55E-A469-11DA-8DA6-005056C00008}.release_shared|x86.ActiveCfg = release_shared|Win32
		{5AECC55E-A469-11DA-8DA6-005056C00008}.release_shared|x86.Build.0 = release_shared|Win32
		{5AECC55E-A469-11DA-8DA6-005056C00008}.release_static_md|x64.ActiveCfg = release_static_md|x64
		{5AECC55E-A469-11DA-8DA6-005056C00008}.release_static_md|x64.Build.0 = release_static_md|x64
		{5AECC55E-A469-11DA-8DA6-005056C00008}.release_static_md|x86.ActiveCfg = release_static_md|Win32
		{5AECC55E-A469-11DA-8DA6-005056C00008}.release_static_md|x86.Build.0 = release_static_md|Win32
		{5AECC55E-A469-11DA-8DA6-005056C00008}.release_static_mt|x64.ActiveCfg = release_static_mt|x64
		{5AECC55E-A469-11DA-8DA6-005056C00008}.release_static_mt|x64.Build.0 = release_static_mt|x64
		{5AECC55E-A469-11DA-8DA6-005056C00008}.release_static_mt|x86.ActiveCfg = release_static_mt|Win32
		{5AECC55E-A469-11DA-8DA6-005056C00008}.release_static_mt|x86.Build.0 = release_static_mt|Win32
		{E12E5C71-79A4-495A-848F-F1710111E610}.debug_shared|x64.ActiveCfg = debug_shared|x64
		{E12E5C71-79A4-495A-848F-F1710111E610}.debug_shared|x64.Build.0 = debug_shared|x64
		{E12E5C71-79A4-495A-848F-F1710111E610}.debug_shared|x86.ActiveCfg = debug_shared|Win32
		{E12E5C71-79A4-495A-848F-F1710111E610}.debug_shared|x86.Build.0 = debug_shared|Win32
		{E12E5C71-79A4-495A-848F-F1710111E610}.debug_static_md|x64.ActiveCfg = debug_static_md|x64
		{E12E5C71-79A4-495A-848F-F1710111E610}.debug_static_md|x64.Build.0 = debug_static_md|x64
		{E12E5C71-79A4-495A-848F-F1710111E610}.debug_static_md|x86.ActiveCfg = debug_static_md|Win32
		{E12E5C71-79A4-495A-848F-F1710111E610}.debug_static_md|x86.Build.0 = debug_static_md|Win32
		{E12E5C71-79A4-495A-848F-F1710111E610}.debug_static_mt|x64.ActiveCfg = debug_static_mt|x64
		{E12E5C71-79A4-495A-848F-F1710111E610}.debug_static_mt|x64.Build.0 = debug_static_mt|x64
		{E12E5C71-79A4-495A-848F-F1710111E610}.debug_static_mt|x86.ActiveCfg = debug_static_mt|Win32
		{E12E5C71-79A4-495A-848F-F1710111E610}.debug_static_mt|x86.Build.0 = debug_static_mt|Win32
		{E12E5C71-79A4-495A-848F-F1710111E610}.release_shared|x64.ActiveCfg = release_shared|x64
		{E12E5C71-79A4-495A-848F-F1710111E610}.release_shared|x64.Build.0 = release_shared|x64
		{E12E5C71-79A4-495A-848F-F1710111E610}.release_shared|x86.ActiveCfg = release_shared|Win32
		{E12E5C71-79A4-495A-848F-F1710111E610}.release_shared|x86.Build.0 = release_shared|Win32
		{E12E5C71-79A4-495A-848F-F1710111E610}.release_static_md|x64.ActiveCfg = release_static_md|x64
		{E12E5C71-79A4-495A-848F-F1710111E610}.release_static_md|x64.Build.0 = release_static_md|x64
		{E12E5C71-79A4-495A-848F-F1710111E610}.release_static_md|x86.ActiveCfg = release_static_md|Win32
		{E12E5C71-79A4-495A-848F-F1710111E610}.release_static_md|x86.Build.0 = release_static_md|Win32
		{E12E5C71-79A4-495A-848F-F1710111E610}.release_static_mt|x64.ActiveCfg = release_static_mt|x64
		{E12E5C71-79A4-495A-848F-F1710111E610}.release_static_mt|x64.Build.0 = release_static_mt|x64
		{E12E5C71-79A4-495A-848F-F1710111E610}.release_static_mt|x86.ActiveCfg = release_static_mt|Win32
		{E12E5C71-79A4-495A-848F-F1710111E610}.release_static_mt|x86.Build.0 = release_static_mt|Win32
		{CCC0A578-E065-4CBA-BB8D-F02BB2C24E7E}.debug_shared|x64.ActiveCfg = debug_shared|x64
		{CCC0A578-E065-4CBA-BB8D-F02BB2C24E7E}.debug_shared|x64.Build.0 = debug_shared|x64
		{CCC0A578-E065-4CBA-BB8D-F02BB2C24E7E}.debug_shared|x86.ActiveCfg = debug_shared|Win32
		{CCC0A578-E065-4CBA-BB8D-F02BB2C24E7E}.debug_shared|x86.Build.0 = debug_shared|Win32
		{CCC0A578-E065-4CBA-BB8D-F02BB2C24E7E}.debug_static_md|x64.ActiveCfg = debug_static_md|x64
		{CCC0A578-E065-4CBA-BB8D-F02BB2C24E7E}.debug_static_md|x64.Build.0 = debug_static_md|x64
		{CCC0A578-E065-4CBA-BB8D-F02BB2C24E7E}.debug_static_md|x86.ActiveCfg = debug_static_md|Win32
		{CCC0A578-E065-4CBA-BB8D-F02BB2C24E7E}.debug_static_md|x86.Build.0 = debug_static_md|Win32
		{CCC0A578-E065-4CBA-BB8D-F02BB2C24E7E}.debug_static_mt|x64.ActiveCfg = debug_static_mt|x64
		{CCC0A578-E065-4CBA-BB8D-F02BB2C24E7E}.debug_static_mt|x64.Build.0 = debug_static_mt|x64
		{CCC0A578-E065-4CBA-BB8D-F02BB2C24E7E}.debug_static_mt|x86.ActiveCfg = debug_static_mt|Win32
		{CCC0A578-E065-4CBA-BB8D-F02BB2C24E7E}.debug_static_mt|x86.Build.0 = debug_static_mt|Win32
		{CCC0A578-E065-4CBA-BB8D-F02BB2C24E7E}.release_shared|x64.ActiveCfg = release_shared|x64
		{CCC0A578-E065-4CBA-BB8D-F02BB2C24E7E}.release_shared|x64.Build.0 = release_shared|x64
		{CCC0A578-E065-4CBA-BB8D-F02BB2C24E7E}.release_shared|x86.ActiveCfg = release_shared|Win32
		{CCC0A578-E065-4CBA-BB8D-F02BB2C24E7E}.release_shared|x86.Build.0 = release_shared|Win32
		{CCC0A578-E065-4CBA-BB8D-F02BB2C24E7E}.release_static_md|x64.ActiveCfg = release_static_md|x64
		{CCC0A578-E065-4CBA-BB8D-F02BB2C24E7E}.release_static_md|x64.Build.0 = release_static_md|x64
		{CCC0A578-E065-4CBA-BB8D-F02BB2C24E7E}.release_static_md|x86.ActiveCfg = release_static_md|Win32
		{CCC0A578-E065-4CBA-BB8D-F02BB2C24E7E}.release_static_md|x86.Build.0 = release_static_md|Win32
		{CCC0A578-E065-4CBA-BB8D-F02BB2C24E7E}.release_static_mt|x64.ActiveCfg = release_static_mt|x64
		{CCC0A578-E065-4CBA-BB8D-F02BB2C24E7E}.release_static_mt|x64.Build.0 = release_static_mt|x64
		{CCC0A578-E065-4CBA-BB8D-F02BB2C24E7E}.release_static_mt|x86.ActiveCfg = release_static_mt|Win32
		{CCC0A578-E065-4CBA-BB8D-F02BB2C24E7E}.release_static_mt|x86.Build.0 = release_static_mt|Win32
		{C7252690-8435-4310-8EA2-228AE484537D}.debug_shared|x64.ActiveCfg = debug_shared|x64
		{C7252690-8435-4310-8EA2-228AE484537D}.debug_shared|x64.Build.0 = debug_shared|x64
		{C7252690-8435-4310-8EA2-228AE484537D}.debug_shared|x86.ActiveCfg = debug_shared|Win32
		{C7252690-8435-4310-8EA2-228AE484537D}.debug_shared|x86.Build.0 = debug_shared|Win32
		{C7252690-8435-4310-8EA2-228AE484537D}.debug_static_md|x64.ActiveCfg = debug_static_md|x64
		{C7252690-8435-4310-8EA2-228AE484537D}.debug_static_md|x64.Build.0 = debug_static_md|x64
		{C7252690-8435-4310-8EA2-228AE484537D}.debug_static_md|x86.ActiveCfg = debug_static_md|Win32
		{C7252690-8435-4310-8EA2-228AE484537D}.debug_static_md|x86.Build.0 = debug_static_md|Win32
		{C7252690-8435-4310-8EA2-228AE484537D}.debug_static_mt|x64.ActiveCfg = debug_static_mt|x64
		{C7252690-8435-4310-8EA2-228AE484537D}.debug_static_mt|x64.Build.0 = debug_static_mt|x64
		{C7252690-8435-4310-8EA2-228AE484537D}.debug_static_mt|x86.ActiveCfg = debug_static_mt|Win32
		{C7252690-8435-4310-8EA2-228AE484537D}.debug_static_mt|x86.Build.0 = debug_static_mt|Win32
		{C7252690-8435-4310-8EA2-228AE484537D}.release_shared|x64.ActiveCfg = release_shared|x64
		{C7252690-8435-4310-8EA2-228AE484537D}.release_shared|x64.Build.0 = release_shared|x64
		{C7252690-8435-4310-8EA2-228AE484537D}.release_shared|x86.ActiveCfg = release_shared|Win32
		{C7252690-8435-4310-8EA2-228AE484537D}.release_shared|x86.Build.0 = release_shared|Win32
		{C7252690-8435-4310-8EA2-228AE484537D}.release_static_md|x64.ActiveCfg = release_static_md|x64
		{C7252690-8435-4310-8EA2-228AE484537D}.release_static_md|x64.Build.0 = release_static_md|x64
		{C7252690-8435-4310-8EA2-228AE484537D}.release_static_md|x86.ActiveCfg = release_static_md|Win32
		{C7252690-8435-4310-8EA2-228AE484537D}.release_static_md|x86.Build.0 = release_static_md|Win32
		{C7252690-8435-4310-8EA2-228AE484537D}.release_static_mt|x64.ActiveCfg = release_static_mt|x64
		{C7252690-8435-4310-8EA2-228AE484537D}.release_static_mt|x64.Build.0 = release_static_mt|x64
		{C7252690-8435-4310-8EA2-228AE484537D}.release_static_mt|x86.ActiveCfg = release_static_mt|Win32
		{C7252690-8435-4310-8EA2-228AE484537D}.release_static_mt|x86.Build.0 = release_static_mt|Win32
		{48D690D9-6520-4F30-A298-3132548716D0}.debug_shared|x64.ActiveCfg = debug_shared|x64
		{48D690D9-6520-4F30-A298-3132548716D0}.debug_shared|x64.Build.0 = debug_shared|x64
		{48D690D9-6520-4F30-A298-3132548716D0}.debug_shared|x86.ActiveCfg = debug_shared|Win32
		{48D690D9-6520-4F30-A298-3132548716D0}.debug_shared|x86.Build.0 = debug_shared|Win32
		{48D690D9-6520-4F30-A298-3132548716D0}.debug_static_md|x64.ActiveCfg = debug_static_md|x64
		{48D690D9-6520-4F30-A298-3132548716D0}.debug_static_md|x64.Build.0 = debug_static_md|x64
		{48D690D9-6520-4F30-A298-3132548716D0}.debug_static_md|x86.ActiveCfg = debug_static_md|Win32
		{48D690D9-6520-4F30-A298-3132548716D0}.debug_static_md|x86.Build.0 = debug_static_md|Win32
		{48D690D9-6520-4F30-A298-3132548716D0}.debug_static_mt|x64.ActiveCfg = debug_static_mt|x64
		{48D690D9-6520-4F30-A298-3132548716D0}.debug_static_mt|x64.Build.0 = debug_static_mt|x64
		{48D690D9-6520-4F30-A298-3132548716D0}.debug_static_mt|x86.ActiveCfg = debug_static_mt|Win32
		{48D690D9-6520-4F30-A298-3132548716D0}.debug_static_mt|x86.Build.0 = debug_static_mt|Win32
		{48D690D9-6520-4F30-A298-3132548716D0}.release_shared|x64.ActiveCfg = release_shared|x64
		{48D690D9-6520-4F30-A298-3132548716D0}.release_shared|x64.Build.0 = release_shared|x64
		{48D690D9-6520-4F30-A298-3132548716D0}.release_shared|x86.ActiveCfg = release_shared|Win32
		{48D690D9-6520-4F30-A298-3132548716D0}.release_shared|x86.Build.0 = release_shared|Win32
		{48D690D9-6520-4F30-A298-3132548716D0}.release_static_md|x64.ActiveCfg = release_static_md|x64
		{48D690D9-6520-4F30-A298-3132548716D0}.release_static_md|x64.Build.0 = release_static_md|x64
		{48D690D9-6520-4F30-A298-3132548716D0}.release_static_md|x86.ActiveCfg = release_static_md|Win32
		{48D690D9-6520-4F30-A298-3132548716D0}.release_static_md|x86.Build.0 = release_static_md|Win32
		{48D690D9-6520-4F30-A298-3132548716D0}.release_static_mt|x64.ActiveCfg = release_static_mt|x64
		{48D690D9-6520-4F30-A298-3132548716D0}.release_static_mt|x64.Build.0 = release_static_mt|x64
		{48D690D9-6520-4F30-A298-3132548716D0}.release_static_mt|x86.ActiveCfg = release_static_mt|Win32
		{48D690D9-6520-4F30-A298-3132548716D0}.release_static_mt|x86.Build.0 = release_static_mt|Win32
		{FAB67DE6-17E1-40F5-8FAC-A77A87DA034C}.debug_shared|x64.ActiveCfg = debug_shared|x64
		{FAB67DE6-17E1-40F5-8FAC-A77A87DA034C}.debug_shared|x64.Build.0 = debug_shared|x64
		{FAB67DE6-17E1-40F5-8FAC-A77A87DA034C}.debug_shared|x86.ActiveCfg = debug_shared|Win32
		{FAB67DE6-17E1-40F5-8FAC-A77A87DA034C}.debug_shared|x86.Build.0 = debug_shared|Win32
		{FAB67DE6-17E1-40F5-8FAC-A77A87DA034C}.debug_static_md|x64.ActiveCfg = debug_static_md|x64
		{FAB67DE6-17E1-40F5-8FAC-A77A87DA034C}.debug_static_md|x64.Build.0 = debug_static_md|x64
		{FAB67DE6-17E1-40F5-8FAC-A77A87DA034C}.debug_static_md|x86.ActiveCfg = debug_static_md|Win32
		{FAB67DE6-17E1-40F5-8FAC-A77A87DA034C}.debug_static_md|x86.Build.0 = debug_static_md|Win32
		{FAB67DE6-17E1-40F5-8FAC-A77A87DA034C}.debug_static_mt|x64.ActiveCfg = debug_static_mt|x64
		{FAB67DE6-17E1-40F5-8FAC-A77A87DA034C}.debug_static_mt|x64.Build.0 = debug_static_mt|x64
		{FAB67DE6-17E1-40F5-8FAC-A77A87DA034C}.debug_static_mt|x86.ActiveCfg = debug_static_mt|Win32
		{FAB67DE6-17E1-40F5-8FAC-A77A87DA034C}.debug_static_mt|x86.Build.0 = debug_static_mt|Win32
		{FAB67DE6-17E1-40F5-8FAC-A77A87DA034C}.release_shared|x64.ActiveCfg = release_shared|x64
		{FAB67DE6-17E1-40F5-8FAC-A77A87DA034C}.release_shared|x64.Build.0 = release_shared|x64
		{FAB67DE6-17E1-40F5-8FAC-A77A87DA034C}.release_shared|x86.ActiveCfg = release_shared|Win32
		{FAB67DE6-17E1-40F5-8FAC-A77A87DA034C}.release_shared|x86.Build.0 = release_shared|Win32
		{FAB67DE6-17E1-40F5-8FAC-A77A87DA034C}.release_static_md|x64.ActiveCfg = release_static_md|x64
		{FAB67DE6-17E1-40F5-8FAC-A77A87DA034C}.release_static_md|x64.Build.0 = release_static_md|x64
		{FAB67DE6-17E1-40F5-8FAC-A77A87DA034C}.release_static_md|x86.ActiveCfg = release_static_md|Win32
		{FAB67DE6-17E1-40F5-8FAC-A77A87DA034C}.release_static_md|x86.Build.0 = release_static_md|Win32
		{FAB67DE6-17E1-40F5-8FAC-A77A87DA034C}.release_static_mt|x64.ActiveCfg = release_static_mt|x64
		{FAB67DE6-17E1-40F5-8FAC-A77A87DA034C}.release_static_mt|x64.Build.0 = release_static_mt|x64
		{FAB67DE6-17E1-40F5-8FAC-A77A87DA034C}.release_static_mt|x86.ActiveCfg = release_static_mt|Win32
		{FAB67DE6-17E1-40F5-8FAC-A77A87DA034C}.release_static_mt|x86.Build.0 = release_static_mt|Win32
		{12E39EE2-7049-312D-B390-7568D727CA25}.debug_shared|x64.ActiveCfg = debug_shared|x64
		{12E39EE2-7049-312D-B390-7568D727CA25}.debug_shared|x64.Build.0 = debug_shared|x64
		{12E39EE2-7049-312D-B390-7568D727CA25}.debug_shared|x86.ActiveCfg = debug_shared|Win32
		{12E39EE2-7049-312D-B390-7568D727CA25}.debug_shared|x86.Build.0 = debug_shared|Win32
		{12E39EE2-7049-312D-B390-7568D727CA25}.debug_static_md|x64.ActiveCfg = debug_static_md|x64
		{12E39EE2-7049-312D-B390-7568D727CA25}.debug_static_md|x64.Build.0 = debug_static_md|x64
		{12E39EE2-7049-312D-B390-7568D727CA25}.debug_static_md|x86.ActiveCfg = debug_static_md|Win32
		{12E39EE2-7049-312D-B390-7568D727CA25}.debug_static_md|x86.Build.0 = debug_static_md|Win32
		{12E39EE2-7049-312D-B390-7568D727CA25}.debug_static_mt|x64.ActiveCfg = debug_static_mt|x64
		{12E39EE2-7049-312D-B390-7568D727CA25}.debug_static_mt|x64.Build.0 = debug_static_mt|x64
		{12E39EE2-7049-312D-B390-7568D727CA25}.debug_static_mt|x86.ActiveCfg = debug_static_mt|Win32
		{12E39EE2-7049-312D-B390-7568D727CA25}.debug_static_mt|x86.Build.0 = debug_static_mt|Win32
		{12E39EE2-7049-312D-B390-7568D727CA25}.release_shared|x64.ActiveCfg = release_shared|x64
		{12E39EE2-7049-312D-B390-7568D727CA25}.release_shared|x64.Build.0 = release_shared|x64
		{12E39EE2-7049-312D-B390-7568D727CA25}.release_shared|x86.ActiveCfg = release_shared|Win32
		{12E39EE2-7049-312D-B390-7568D727CA25}.release_shared|x86.Build.0 = release_shared|Win32
		{12E39EE2-7049-312D-B390-7568D727CA25}.release_static_md|x64.ActiveCfg = release_static_md|x64
		{12E39EE2-7049-312D-B390-7568D727CA25}.release_static_md|x64.Build.0 = release_static_md|x64
		{12E39EE2-7049-312D-B390-7568D727CA25}.release_static_md|x86.ActiveCfg = release_static_md|Win32
		{12E39EE2-7049-312D-B390-7568D727CA25}.release_static_md|x86.Build.0 = release_static_md|Win32
		{12E39EE2-7049-312D-B390-7568D727CA25}.release_static_mt|x64.ActiveCfg = release_static_mt|x64
		{12E39EE2-7049-312D-B390-7568D727CA25}.release_static_mt|x64.Build.0 = release_static_mt|x64
		{12E39EE2-7049-312D-B390-7568D727CA25}.release_static_mt|x86.ActiveCfg = release_static_mt|Win32
		{12E39EE2-7049-312D-B390-7568D727CA25}.release_static_mt|x86.Build.0 = release_static_mt|Win32
		{D9257FF3-3A9A-41F6-B60E-D077EFF94186}.debug_shared|x64.ActiveCfg = debug_shared|x64
		{D9257FF3-3A9A-41F6-B60E-D077EFF94186}.debug_shared|x64.Build.0 = debug_shared|x64
		{D9257FF3-3A9A-41F6-B60E-D077EFF94186}.debug_shared|x86.ActiveCfg = debug_shared|Win32
		{D9257FF3-3A9A-41F6-B60E-D077EFF94186}.debug_shared|x86.Build.0 = debug_shared|Win32
		{D9257FF3-3A9A-41F6-B60E-D077EFF94186}.debug_static_md|x64.ActiveCfg = debug_static_md|x64
		{D9257FF3-3A9A-41F6-B60E-D077EFF94186}.debug_static_md|x64.Build.0 = debug_static_md|x64
		{D9257FF3-3A9A-41F6-B60E-D077EFF94186}.debug_static_md|x86.ActiveCfg = debug_static_md|Win32
		{D9257FF3-3A9A-41F6-B60E-D077EFF94186}.debug_static_md|x86.Build.0 = debug_static_md|Win32
		{D9257FF3-3A9A-41F6-B60E-D077EFF94186}.debug_static_mt|x64.ActiveCfg = debug_static_mt|x64
		{D9257FF3-3A9A-41F6-B60E-D077EFF94186}.debug_static_mt|x64.Build.0 = debug_static_mt|x64
		{D9257FF3-3A9A-41F6-B60E-D077EFF94186}.debug_static_mt|x86.ActiveCfg = debug_static_mt|Win32
		{D9257FF3-3A9A-41F6-B60E-D077EFF94186}.debug_static_mt|x86.Build.0 = debug_static_mt|Win32
		{D9257FF3-3A9A-41F6-B60E-D077EFF94186}.release_shared|x64.ActiveCfg = release_shared|x64
		{D9257FF3-3A9A-41F6-B60E-D077EFF94186}.release_shared|x64.Build.0 = release_shared|x64
		{D9257FF3-3A9A-41F6-B60E-D077EFF94186}.release_shared|x86.ActiveCfg = release_shared|Win32
		{D9257FF3-3A9A-41F6-B60E-D077EFF94186}.release_shared|x86.Build.0 = release_shared|Win32
		{D9257FF3-3A9A-41F6-B60E-D077EFF94186}.release_static_md|x64.ActiveCfg = release_static_md|x64
		{D9257FF3-3A9A-41F6-B60E-D077EFF94186}.release_static_md|x64.Build.0 = release_static_md|x64
		{D9257FF3-3A9A-41F6-B60E-D077EFF94186}.release_static_md|x86.ActiveCfg = release_static_md|Win32
		{D9257FF3-3A9A-41F6-B60E-D077EFF94186}.release_static_md|x86.Build.0 = release_static_md|Win32
		{D9257FF3-3A9A-41F6-B60E-D077EFF94186}.release_static_mt|x64.ActiveCfg = release_static_mt|x64
		{D9257FF3-3A9A-41F6-B60E-D077EFF94186}.release_static_mt|x64.Build.0 = release_static_mt|x64
		{D9257FF3-3A9A-41F6-B60E-D077EFF94186}.release_static_mt|x86.ActiveCfg = release_static_mt|Win32
		{D9257FF3-3A9A-41F6-B60E-D077EFF94186}.release_static_mt|x86.Build.0 = release_static_mt|Win32
	EndGlobalSection
	GlobalSection(SolutionProperties) = preSolution
		HideSolutionNode = FALSE
	EndGlobalSection
	GlobalSection(NestedProjects) = preSolution
		{18BCF3CC-9474-4D1C-9445-F783A49D886B} = {9F0AEB9D-F317-4447-831A-4D7CEA75CF70}
		{73E19FDE-1570-488C-B3DB-72A60FADD408} = {AFCC15CC-EF7C-4B02-8A99-CA8DFEE870D3}
		{BAFE8427-9DD3-41FC-9E93-8E699BCD6E21} = {AFCC15CC-EF7C-4B02-8A99-CA8DFEE870D3}
		{1B29820D-375F-11DB-837B-00123FC423B5} = {AFCC15CC-EF7C-4B02-8A99-CA8DFEE870D3}
		{5B889CE7-AD42-4CFE-BBC3-532B61F8329E} = {AFCC15CC-EF7C-4B02-8A99-CA8DFEE870D3}
		{4FF2F34B-7F37-3ACD-AFBC-F21D6D426199} = {AFCC15CC-EF7C-4B02-8A99-CA8DFEE870D3}
		{E12E5C71-79A4-495A-848F-F1710111E610} = {9F0AEB9D-F317-4447-831A-4D7CEA75CF70}
		{48D690D9-6520-4F30-A298-3132548716D0} = {9F0AEB9D-F317-4447-831A-4D7CEA75CF70}
	EndGlobalSection
	GlobalSection(ExtensibilityGlobals) = postSolution
		SolutionGuid = {936E7C05-BDCF-4B2C-8E91-BFFF502FDDEB}
	EndGlobalSection
EndGlobal
